{
  "version": 4,
  "terraform_version": "1.9.8",
  "serial": 424,
  "lineage": "3ee34bc2-ad6b-ffd4-f9ac-5ef080cd7458",
  "outputs": {
    "backend_instance_id": {
      "value": "i-05ef5b6dfcd7c9596",
      "type": "string"
    },
    "backend_instance_private_ip": {
      "value": "10.0.7.38",
      "type": "string"
    },
    "backend_security_group_id": {
      "value": "sg-086644d2e69886e3d",
      "type": "string"
    },
    "database_instance_id": {
      "value": "i-08f7c41e1404b57d0",
      "type": "string"
    },
    "database_instance_private_ip": {
      "value": "10.0.8.50",
      "type": "string"
    },
    "frontend_instance_id": {
      "value": "i-017e315bf0ab0816c",
      "type": "string"
    },
    "frontend_instance_public_ip": {
      "value": "18.139.115.153",
      "type": "string"
    },
    "frontend_security_group_id": {
      "value": "sg-0a1cb943df97c726d",
      "type": "string"
    },
    "internet_gateway_id": {
      "value": "igw-05df1c3821d69b122",
      "type": "string"
    },
    "nat_gateway_id": {
      "value": "nat-04af1a84d85274156",
      "type": "string"
    },
    "private_route_table_id": {
      "value": "rtb-03666fbfab03225b8",
      "type": "string"
    },
    "private_subnet_1_id": {
      "value": "subnet-08049f11ff4aab1e1",
      "type": "string"
    },
    "private_subnet_2_id": {
      "value": "subnet-0b8c5171636836fb0",
      "type": "string"
    },
    "public_route_table_id": {
      "value": "rtb-0ab621a893fe6230c",
      "type": "string"
    },
    "public_subnet_1_id": {
      "value": "subnet-0b3a5a1a8ded0bf75",
      "type": "string"
    },
    "public_subnet_2_id": {
      "value": "subnet-0f85819a40f5c25cb",
      "type": "string"
    },
    "vpc_id": {
      "value": "vpc-0a405b0311f93743b",
      "type": "string"
    }
  },
  "resources": [
    {
      "mode": "managed",
      "type": "aws_autoscaling_group",
      "name": "backend_asg",
      "provider": "provider[\"registry.terraform.io/hashicorp/aws\"]",
      "instances": [
        {
          "schema_version": 1,
          "attributes": {
            "arn": "arn:aws:autoscaling:ap-southeast-1:779846794980:autoScalingGroup:b22a6579-6942-47f7-bb9f-75b9cea2a035:autoScalingGroupName/backend-asg",
            "availability_zones": [
              "ap-southeast-1a",
              "ap-southeast-1b"
            ],
            "capacity_rebalance": false,
            "context": "",
            "default_cooldown": 300,
            "default_instance_warmup": 0,
            "desired_capacity": 2,
            "desired_capacity_type": "",
            "enabled_metrics": null,
            "force_delete": false,
            "force_delete_warm_pool": false,
            "health_check_grace_period": 300,
            "health_check_type": "ELB",
            "id": "backend-asg",
            "ignore_failed_scaling_activities": false,
            "initial_lifecycle_hook": [],
            "instance_maintenance_policy": [],
            "instance_refresh": [],
            "launch_configuration": "",
            "launch_template": [
              {
                "id": "lt-03fd62fbc796e3e42",
                "name": "back-launch-config",
                "version": "$Latest"
              }
            ],
            "load_balancers": [],
            "max_instance_lifetime": 0,
            "max_size": 3,
            "metrics_granularity": "1Minute",
            "min_elb_capacity": null,
            "min_size": 1,
            "mixed_instances_policy": [],
            "name": "backend-asg",
            "name_prefix": "",
            "placement_group": "",
            "predicted_capacity": 0,
            "protect_from_scale_in": false,
            "service_linked_role_arn": "arn:aws:iam::779846794980:role/aws-service-role/autoscaling.amazonaws.com/AWSServiceRoleForAutoScaling",
            "suspended_processes": null,
            "tag": [
              {
                "key": "Name",
                "propagate_at_launch": true,
                "value": "back-asg-instance"
              }
            ],
            "target_group_arns": [
              "arn:aws:elasticloadbalancing:ap-southeast-1:779846794980:targetgroup/target-group-back/7c5e0ea202b539cc"
            ],
            "termination_policies": null,
            "timeouts": null,
            "traffic_source": [
              {
                "identifier": "arn:aws:elasticloadbalancing:ap-southeast-1:779846794980:targetgroup/target-group-back/7c5e0ea202b539cc",
                "type": "elbv2"
              }
            ],
            "vpc_zone_identifier": [
              "subnet-08049f11ff4aab1e1",
              "subnet-0b8c5171636836fb0"
            ],
            "wait_for_capacity_timeout": "10m",
            "wait_for_elb_capacity": null,
            "warm_pool": [],
            "warm_pool_size": 0
          },
          "sensitive_attributes": [],
          "private": "eyJlMmJmYjczMC1lY2FhLTExZTYtOGY4OC0zNDM2M2JjN2M0YzAiOnsiZGVsZXRlIjo2MDAwMDAwMDAwMDAsInVwZGF0ZSI6NjAwMDAwMDAwMDAwfSwic2NoZW1hX3ZlcnNpb24iOiIxIn0=",
          "dependencies": [
            "aws_launch_template.back_launch_config",
            "aws_lb_target_group.tg_back",
            "aws_security_group.terraform_back_ec2_sg",
            "aws_subnet.terraform_private_subnet_1",
            "aws_subnet.terraform_private_subnet_2",
            "aws_vpc.terraform_vpc"
          ],
          "create_before_destroy": true
        }
      ]
    },
    {
      "mode": "managed",
      "type": "aws_autoscaling_policy",
      "name": "backend_target_tracking_policy",
      "provider": "provider[\"registry.terraform.io/hashicorp/aws\"]",
      "instances": [
        {
          "schema_version": 0,
          "attributes": {
            "adjustment_type": "",
            "arn": "arn:aws:autoscaling:ap-southeast-1:779846794980:scalingPolicy:543412dd-d616-4b8c-b471-4d3f48ef1ff3:autoScalingGroupName/backend-asg:policyName/backend-target-tracking-policy",
            "autoscaling_group_name": "backend-asg",
            "cooldown": 0,
            "enabled": true,
            "estimated_instance_warmup": 0,
            "id": "backend-target-tracking-policy",
            "metric_aggregation_type": "",
            "min_adjustment_magnitude": 0,
            "name": "backend-target-tracking-policy",
            "policy_type": "TargetTrackingScaling",
            "predictive_scaling_configuration": [],
            "scaling_adjustment": 0,
            "step_adjustment": [],
            "target_tracking_configuration": [
              {
                "customized_metric_specification": [],
                "disable_scale_in": false,
                "predefined_metric_specification": [
                  {
                    "predefined_metric_type": "ASGAverageCPUUtilization",
                    "resource_label": ""
                  }
                ],
                "target_value": 50
              }
            ]
          },
          "sensitive_attributes": [],
          "private": "bnVsbA==",
          "dependencies": [
            "aws_autoscaling_group.backend_asg",
            "aws_launch_template.back_launch_config",
            "aws_lb_target_group.tg_back",
            "aws_security_group.terraform_back_ec2_sg",
            "aws_subnet.terraform_private_subnet_1",
            "aws_subnet.terraform_private_subnet_2",
            "aws_vpc.terraform_vpc"
          ]
        }
      ]
    },
    {
      "mode": "managed",
      "type": "aws_eip",
      "name": "nat_eip",
      "provider": "provider[\"registry.terraform.io/hashicorp/aws\"]",
      "instances": [
        {
          "schema_version": 0,
          "attributes": {
            "address": null,
            "allocation_id": "eipalloc-073b36a4683d5e7bd",
            "arn": "arn:aws:ec2:ap-southeast-1:779846794980:elastic-ip/eipalloc-073b36a4683d5e7bd",
            "associate_with_private_ip": null,
            "association_id": "eipassoc-063e4b686864e5c88",
            "carrier_ip": "",
            "customer_owned_ip": "",
            "customer_owned_ipv4_pool": "",
            "domain": "vpc",
            "id": "eipalloc-073b36a4683d5e7bd",
            "instance": "",
            "ipam_pool_id": null,
            "network_border_group": "ap-southeast-1",
            "network_interface": "eni-0a258606979bad519",
            "private_dns": "ip-10-0-5-18.ap-southeast-1.compute.internal",
            "private_ip": "10.0.5.18",
            "ptr_record": "",
            "public_dns": "ec2-3-1-52-228.ap-southeast-1.compute.amazonaws.com",
            "public_ip": "3.1.52.228",
            "public_ipv4_pool": "amazon",
            "tags": {},
            "tags_all": {},
            "timeouts": null,
            "vpc": true
          },
          "sensitive_attributes": [],
          "private": "eyJlMmJmYjczMC1lY2FhLTExZTYtOGY4OC0zNDM2M2JjN2M0YzAiOnsiZGVsZXRlIjoxODAwMDAwMDAwMDAsInJlYWQiOjkwMDAwMDAwMDAwMCwidXBkYXRlIjozMDAwMDAwMDAwMDB9fQ=="
        }
      ]
    },
    {
      "mode": "managed",
      "type": "aws_instance",
      "name": "terraform_back_ec2",
      "provider": "provider[\"registry.terraform.io/hashicorp/aws\"]",
      "instances": [
        {
          "schema_version": 1,
          "attributes": {
            "ami": "ami-0e38544e8c801be15",
            "arn": "arn:aws:ec2:ap-southeast-1:779846794980:instance/i-05ef5b6dfcd7c9596",
            "associate_public_ip_address": false,
            "availability_zone": "ap-southeast-1a",
            "capacity_reservation_specification": [
              {
                "capacity_reservation_preference": "open",
                "capacity_reservation_target": []
              }
            ],
            "cpu_core_count": 1,
            "cpu_options": [
              {
                "amd_sev_snp": "",
                "core_count": 1,
                "threads_per_core": 1
              }
            ],
            "cpu_threads_per_core": 1,
            "credit_specification": [
              {
                "cpu_credits": "standard"
              }
            ],
            "disable_api_stop": false,
            "disable_api_termination": false,
            "ebs_block_device": [],
            "ebs_optimized": false,
            "enclave_options": [
              {
                "enabled": false
              }
            ],
            "ephemeral_block_device": [],
            "get_password_data": false,
            "hibernation": false,
            "host_id": "",
            "host_resource_group_arn": null,
            "iam_instance_profile": "",
            "id": "i-05ef5b6dfcd7c9596",
            "instance_initiated_shutdown_behavior": "stop",
            "instance_lifecycle": "",
            "instance_market_options": [],
            "instance_state": "running",
            "instance_type": "t2.micro",
            "ipv6_address_count": 0,
            "ipv6_addresses": [],
            "key_name": "terraform-back-key",
            "launch_template": [],
            "maintenance_options": [
              {
                "auto_recovery": "default"
              }
            ],
            "metadata_options": [
              {
                "http_endpoint": "enabled",
                "http_protocol_ipv6": "disabled",
                "http_put_response_hop_limit": 1,
                "http_tokens": "optional",
                "instance_metadata_tags": "disabled"
              }
            ],
            "monitoring": false,
            "network_interface": [],
            "outpost_arn": "",
            "password_data": "",
            "placement_group": "",
            "placement_partition_number": 0,
            "primary_network_interface_id": "eni-07d1587f437ed2282",
            "private_dns": "ip-10-0-7-38.ap-southeast-1.compute.internal",
            "private_dns_name_options": [
              {
                "enable_resource_name_dns_a_record": false,
                "enable_resource_name_dns_aaaa_record": false,
                "hostname_type": "ip-name"
              }
            ],
            "private_ip": "10.0.7.38",
            "public_dns": "",
            "public_ip": "",
            "root_block_device": [
              {
                "delete_on_termination": true,
                "device_name": "/dev/sda1",
                "encrypted": false,
                "iops": 100,
                "kms_key_id": "",
                "tags": {},
                "tags_all": {},
                "throughput": 0,
                "volume_id": "vol-08978455d736fc87c",
                "volume_size": 8,
                "volume_type": "gp2"
              }
            ],
            "secondary_private_ips": [],
            "security_groups": [
              "sg-086644d2e69886e3d"
            ],
            "source_dest_check": true,
            "spot_instance_request_id": "",
            "subnet_id": "subnet-08049f11ff4aab1e1",
            "tags": {
              "Name": "terraform_back_ec2"
            },
            "tags_all": {
              "Name": "terraform_back_ec2"
            },
            "tenancy": "default",
            "timeouts": null,
            "user_data": null,
            "user_data_base64": null,
            "user_data_replace_on_change": false,
            "volume_tags": null,
            "vpc_security_group_ids": [
              "sg-086644d2e69886e3d"
            ]
          },
          "sensitive_attributes": [],
          "private": "eyJlMmJmYjczMC1lY2FhLTExZTYtOGY4OC0zNDM2M2JjN2M0YzAiOnsiY3JlYXRlIjo2MDAwMDAwMDAwMDAsImRlbGV0ZSI6MTIwMDAwMDAwMDAwMCwicmVhZCI6OTAwMDAwMDAwMDAwLCJ1cGRhdGUiOjYwMDAwMDAwMDAwMH0sInNjaGVtYV92ZXJzaW9uIjoiMSJ9",
          "dependencies": [
            "aws_instance.terraform_front_ec2",
            "aws_lb.alb_back",
            "aws_security_group.terraform_back_ec2_sg",
            "aws_security_group.terraform_front_ec2_sg",
            "aws_subnet.terraform_private_subnet_1",
            "aws_subnet.terraform_private_subnet_2",
            "aws_subnet.terraform_public_subnet_1",
            "aws_vpc.terraform_vpc"
          ]
        }
      ]
    },
    {
      "mode": "managed",
      "type": "aws_instance",
      "name": "terraform_data_ec2",
      "provider": "provider[\"registry.terraform.io/hashicorp/aws\"]",
      "instances": [
        {
          "schema_version": 1,
          "attributes": {
            "ami": "ami-047126e50991d067b",
            "arn": "arn:aws:ec2:ap-southeast-1:779846794980:instance/i-08f7c41e1404b57d0",
            "associate_public_ip_address": false,
            "availability_zone": "ap-southeast-1b",
            "capacity_reservation_specification": [
              {
                "capacity_reservation_preference": "open",
                "capacity_reservation_target": []
              }
            ],
            "cpu_core_count": 1,
            "cpu_options": [
              {
                "amd_sev_snp": "",
                "core_count": 1,
                "threads_per_core": 1
              }
            ],
            "cpu_threads_per_core": 1,
            "credit_specification": [
              {
                "cpu_credits": "standard"
              }
            ],
            "disable_api_stop": false,
            "disable_api_termination": false,
            "ebs_block_device": [],
            "ebs_optimized": false,
            "enclave_options": [
              {
                "enabled": false
              }
            ],
            "ephemeral_block_device": [],
            "get_password_data": false,
            "hibernation": false,
            "host_id": "",
            "host_resource_group_arn": null,
            "iam_instance_profile": "",
            "id": "i-08f7c41e1404b57d0",
            "instance_initiated_shutdown_behavior": "stop",
            "instance_lifecycle": "",
            "instance_market_options": [],
            "instance_state": "running",
            "instance_type": "t2.micro",
            "ipv6_address_count": 0,
            "ipv6_addresses": [],
            "key_name": "terraform-data-key",
            "launch_template": [],
            "maintenance_options": [
              {
                "auto_recovery": "default"
              }
            ],
            "metadata_options": [
              {
                "http_endpoint": "enabled",
                "http_protocol_ipv6": "disabled",
                "http_put_response_hop_limit": 2,
                "http_tokens": "required",
                "instance_metadata_tags": "disabled"
              }
            ],
            "monitoring": false,
            "network_interface": [],
            "outpost_arn": "",
            "password_data": "",
            "placement_group": "",
            "placement_partition_number": 0,
            "primary_network_interface_id": "eni-07a21c1be81ac18b5",
            "private_dns": "ip-10-0-8-50.ap-southeast-1.compute.internal",
            "private_dns_name_options": [
              {
                "enable_resource_name_dns_a_record": false,
                "enable_resource_name_dns_aaaa_record": false,
                "hostname_type": "ip-name"
              }
            ],
            "private_ip": "10.0.8.50",
            "public_dns": "",
            "public_ip": "",
            "root_block_device": [
              {
                "delete_on_termination": true,
                "device_name": "/dev/sda1",
                "encrypted": false,
                "iops": 3000,
                "kms_key_id": "",
                "tags": {},
                "tags_all": {},
                "throughput": 125,
                "volume_id": "vol-0745088d05d7b07ea",
                "volume_size": 8,
                "volume_type": "gp3"
              }
            ],
            "secondary_private_ips": [],
            "security_groups": [],
            "source_dest_check": true,
            "spot_instance_request_id": "",
            "subnet_id": "subnet-0b8c5171636836fb0",
            "tags": {
              "Name": "terraform_data_ec2"
            },
            "tags_all": {
              "Name": "terraform_data_ec2"
            },
            "tenancy": "default",
            "timeouts": null,
            "user_data": null,
            "user_data_base64": null,
            "user_data_replace_on_change": false,
            "volume_tags": null,
            "vpc_security_group_ids": [
              "sg-0b9d3657265b72fc4"
            ]
          },
          "sensitive_attributes": [],
          "private": "eyJlMmJmYjczMC1lY2FhLTExZTYtOGY4OC0zNDM2M2JjN2M0YzAiOnsiY3JlYXRlIjo2MDAwMDAwMDAwMDAsImRlbGV0ZSI6MTIwMDAwMDAwMDAwMCwicmVhZCI6OTAwMDAwMDAwMDAwLCJ1cGRhdGUiOjYwMDAwMDAwMDAwMH0sInNjaGVtYV92ZXJzaW9uIjoiMSJ9",
          "dependencies": [
            "aws_instance.terraform_front_ec2",
            "aws_lb.alb_back",
            "aws_security_group.terraform_back_ec2_sg",
            "aws_security_group.terraform_data_ec2_sg",
            "aws_security_group.terraform_front_ec2_sg",
            "aws_subnet.terraform_private_subnet_1",
            "aws_subnet.terraform_private_subnet_2",
            "aws_subnet.terraform_public_subnet_1",
            "aws_vpc.terraform_vpc"
          ]
        }
      ]
    },
    {
      "mode": "managed",
      "type": "aws_instance",
      "name": "terraform_front_ec2",
      "provider": "provider[\"registry.terraform.io/hashicorp/aws\"]",
      "instances": [
        {
          "schema_version": 1,
          "attributes": {
            "ami": "ami-00c24ac387979d188",
            "arn": "arn:aws:ec2:ap-southeast-1:779846794980:instance/i-017e315bf0ab0816c",
            "associate_public_ip_address": true,
            "availability_zone": "ap-southeast-1a",
            "capacity_reservation_specification": [
              {
                "capacity_reservation_preference": "open",
                "capacity_reservation_target": []
              }
            ],
            "cpu_core_count": 1,
            "cpu_options": [
              {
                "amd_sev_snp": "",
                "core_count": 1,
                "threads_per_core": 1
              }
            ],
            "cpu_threads_per_core": 1,
            "credit_specification": [
              {
                "cpu_credits": "standard"
              }
            ],
            "disable_api_stop": false,
            "disable_api_termination": false,
            "ebs_block_device": [],
            "ebs_optimized": false,
            "enclave_options": [
              {
                "enabled": false
              }
            ],
            "ephemeral_block_device": [],
            "get_password_data": false,
            "hibernation": false,
            "host_id": "",
            "host_resource_group_arn": null,
            "iam_instance_profile": "",
            "id": "i-017e315bf0ab0816c",
            "instance_initiated_shutdown_behavior": "stop",
            "instance_lifecycle": "",
            "instance_market_options": [],
            "instance_state": "running",
            "instance_type": "t2.micro",
            "ipv6_address_count": 0,
            "ipv6_addresses": [],
            "key_name": "terraform-front-key",
            "launch_template": [],
            "maintenance_options": [
              {
                "auto_recovery": "default"
              }
            ],
            "metadata_options": [
              {
                "http_endpoint": "enabled",
                "http_protocol_ipv6": "disabled",
                "http_put_response_hop_limit": 1,
                "http_tokens": "optional",
                "instance_metadata_tags": "disabled"
              }
            ],
            "monitoring": false,
            "network_interface": [],
            "outpost_arn": "",
            "password_data": "",
            "placement_group": "",
            "placement_partition_number": 0,
            "primary_network_interface_id": "eni-01b06649967d7d350",
            "private_dns": "ip-10-0-5-93.ap-southeast-1.compute.internal",
            "private_dns_name_options": [
              {
                "enable_resource_name_dns_a_record": false,
                "enable_resource_name_dns_aaaa_record": false,
                "hostname_type": "ip-name"
              }
            ],
            "private_ip": "10.0.5.93",
            "public_dns": "",
            "public_ip": "18.139.115.153",
            "root_block_device": [
              {
                "delete_on_termination": true,
                "device_name": "/dev/sda1",
                "encrypted": false,
                "iops": 100,
                "kms_key_id": "",
                "tags": {},
                "tags_all": {},
                "throughput": 0,
                "volume_id": "vol-04b6813e5c70dee20",
                "volume_size": 8,
                "volume_type": "gp2"
              }
            ],
            "secondary_private_ips": [],
            "security_groups": [
              "sg-0a1cb943df97c726d"
            ],
            "source_dest_check": true,
            "spot_instance_request_id": "",
            "subnet_id": "subnet-0b3a5a1a8ded0bf75",
            "tags": {
              "Name": "terraform_front_ec2"
            },
            "tags_all": {
              "Name": "terraform_front_ec2"
            },
            "tenancy": "default",
            "timeouts": null,
            "user_data": null,
            "user_data_base64": null,
            "user_data_replace_on_change": false,
            "volume_tags": null,
            "vpc_security_group_ids": [
              "sg-0a1cb943df97c726d"
            ]
          },
          "sensitive_attributes": [],
          "private": "eyJlMmJmYjczMC1lY2FhLTExZTYtOGY4OC0zNDM2M2JjN2M0YzAiOnsiY3JlYXRlIjo2MDAwMDAwMDAwMDAsImRlbGV0ZSI6MTIwMDAwMDAwMDAwMCwicmVhZCI6OTAwMDAwMDAwMDAwLCJ1cGRhdGUiOjYwMDAwMDAwMDAwMH0sInNjaGVtYV92ZXJzaW9uIjoiMSJ9",
          "dependencies": [
            "aws_lb.alb_back",
            "aws_security_group.terraform_back_ec2_sg",
            "aws_security_group.terraform_front_ec2_sg",
            "aws_subnet.terraform_private_subnet_1",
            "aws_subnet.terraform_private_subnet_2",
            "aws_subnet.terraform_public_subnet_1",
            "aws_vpc.terraform_vpc"
          ]
        }
      ]
    },
    {
      "mode": "managed",
      "type": "aws_internet_gateway",
      "name": "terraform_igw",
      "provider": "provider[\"registry.terraform.io/hashicorp/aws\"]",
      "instances": [
        {
          "schema_version": 0,
          "attributes": {
            "arn": "arn:aws:ec2:ap-southeast-1:779846794980:internet-gateway/igw-05df1c3821d69b122",
            "id": "igw-05df1c3821d69b122",
            "owner_id": "779846794980",
            "tags": {
              "Name": "terraform-igw"
            },
            "tags_all": {
              "Name": "terraform-igw"
            },
            "timeouts": null,
            "vpc_id": "vpc-0a405b0311f93743b"
          },
          "sensitive_attributes": [],
          "private": "eyJlMmJmYjczMC1lY2FhLTExZTYtOGY4OC0zNDM2M2JjN2M0YzAiOnsiY3JlYXRlIjoxMjAwMDAwMDAwMDAwLCJkZWxldGUiOjEyMDAwMDAwMDAwMDAsInVwZGF0ZSI6MTIwMDAwMDAwMDAwMH19",
          "dependencies": [
            "aws_vpc.terraform_vpc"
          ]
        }
      ]
    },
    {
      "mode": "managed",
      "type": "aws_key_pair",
      "name": "ec2_key_pair_back",
      "provider": "provider[\"registry.terraform.io/hashicorp/aws\"]",
      "instances": [
        {
          "schema_version": 1,
          "attributes": {
            "arn": "arn:aws:ec2:ap-southeast-1:779846794980:key-pair/terraform-back-key",
            "fingerprint": "b5:24:28:69:94:56:23:fe:85:23:a1:48:70:37:45:32",
            "id": "terraform-back-key",
            "key_name": "terraform-back-key",
            "key_name_prefix": "",
            "key_pair_id": "key-0453b8417745a7ffa",
            "key_type": "rsa",
            "public_key": "ssh-rsa AAAAB3NzaC1yc2EAAAADAQABAAABAQCtrdliz4MaViEJlWK7DrzKWOKAPpQjgoDCn0pqXG7NFlcSK0/a2bLgk5posGXISoOkgawogm9gPlxZ1rC/VsylfRdqpYKLg6Sjse+eNbEBi1ghhKsDIGSOH1XVSrsCtiWJTZhrbGaigOlK7cBRUsVdLo44i0kAEx2dAvMhCPeJa23/kUAW/VIYgCa+64Zh1PhckwspZrx/EEvHoLHOoB9cxAf5idLCZkA6uAPTKfpt8ggcYoix+V9imf0P3Wc1joiSwGwaofrlVE5CmWAHq1gyVoZ+hjqCXfteCSQSwBFw7ZLCr21rd69STakuLmVQvMqHbNUTeQqV+2bCRnM9kDr/",
            "tags": {},
            "tags_all": {}
          },
          "sensitive_attributes": [],
          "private": "eyJzY2hlbWFfdmVyc2lvbiI6IjEifQ==",
          "dependencies": [
            "tls_private_key.terraform2"
          ]
        }
      ]
    },
    {
      "mode": "managed",
      "type": "aws_key_pair",
      "name": "ec2_key_pair_data",
      "provider": "provider[\"registry.terraform.io/hashicorp/aws\"]",
      "instances": [
        {
          "schema_version": 1,
          "attributes": {
            "arn": "arn:aws:ec2:ap-southeast-1:779846794980:key-pair/terraform-data-key",
            "fingerprint": "6d:e9:ee:dd:c5:8f:e1:46:e6:10:10:cc:14:6c:d3:80",
            "id": "terraform-data-key",
            "key_name": "terraform-data-key",
            "key_name_prefix": "",
            "key_pair_id": "key-0935d7012ec6685e1",
            "key_type": "rsa",
            "public_key": "ssh-rsa AAAAB3NzaC1yc2EAAAADAQABAAABAQCwOEmUXEL1B7Hm3e6kXvmxjjTRjQH4x794KZTFC/+hooRoRAab1DbV0tJJ17uvRlrr28S4uUu6eDBBw8Squ/10AcF1e1GY05JPTJMObjIOBecr7+mFx9m6WZxOZjDt/9RLNNB9KtvpwY/uoe6UhoTQOggdec35f3Rs8ZdYKkrv2uX4Hr5xCPzE1m7RAkSg13XfoIIqPDgBkr9I5x0go7ogKPLhmmHgkFJTKPZH6llfxmPsyjCxCM1E+f+RLwURS4Q/SD3hrHmYq1GlAYS5DjEbrsG5RP5GK6ywwdP4vIXWSx8ldD/RVSGr05C6GxhI2aF1iYxq9Bx3KdNF9wH0fEEv",
            "tags": {},
            "tags_all": {}
          },
          "sensitive_attributes": [],
          "private": "eyJzY2hlbWFfdmVyc2lvbiI6IjEifQ==",
          "dependencies": [
            "tls_private_key.terraform3"
          ]
        }
      ]
    },
    {
      "mode": "managed",
      "type": "aws_key_pair",
      "name": "ec2_key_pair_front",
      "provider": "provider[\"registry.terraform.io/hashicorp/aws\"]",
      "instances": [
        {
          "schema_version": 1,
          "attributes": {
            "arn": "arn:aws:ec2:ap-southeast-1:779846794980:key-pair/terraform-front-key",
            "fingerprint": "e6:92:32:3d:05:0b:53:7c:d0:a9:77:20:d4:39:69:dc",
            "id": "terraform-front-key",
            "key_name": "terraform-front-key",
            "key_name_prefix": "",
            "key_pair_id": "key-04f5cf24ad779ee2a",
            "key_type": "rsa",
            "public_key": "ssh-rsa AAAAB3NzaC1yc2EAAAADAQABAAABAQDJ5M4aN9Jsx8I9OiAq8KiOHrzhIXYssiJ4jVnR4/xzGwwaqbWR7QsfdP2pDQ/hTewwpg/z9Hfek6Deb2TFjjXFDRyZkhTHQ1olkV9IKvgb5X55C7czKlSWfS++lGCqJzoxYLAyQMLzpHGEeRlcj07ni2i4KJEVBc+W88wPic2yZriBJ31BU+L7H4bm0ujeVNxMhpvlLd33OFSK1mR9Mmz8Mq9U2FGi1tOLuCisiiT2EhvZvB5MJZy+BtPG/SGmAPR4sayO0vXIaEaoUJTlfh8O2ybbbCdEOaDE5G+baG/syu3Fspnt/ZvmATEEuM4qcbQuL1zet8X0ixQlyGyNwMlV",
            "tags": {},
            "tags_all": {}
          },
          "sensitive_attributes": [],
          "private": "eyJzY2hlbWFfdmVyc2lvbiI6IjEifQ==",
          "dependencies": [
            "tls_private_key.terraform1"
          ]
        }
      ]
    },
    {
      "mode": "managed",
      "type": "aws_launch_template",
      "name": "back_launch_config",
      "provider": "provider[\"registry.terraform.io/hashicorp/aws\"]",
      "instances": [
        {
          "schema_version": 0,
          "attributes": {
            "arn": "arn:aws:ec2:ap-southeast-1:779846794980:launch-template/lt-03fd62fbc796e3e42",
            "block_device_mappings": [],
            "capacity_reservation_specification": [],
            "cpu_options": [],
            "credit_specification": [],
            "default_version": 1,
            "description": "",
            "disable_api_stop": false,
            "disable_api_termination": false,
            "ebs_optimized": "",
            "elastic_gpu_specifications": [],
            "elastic_inference_accelerator": [],
            "enclave_options": [],
            "hibernation_options": [],
            "iam_instance_profile": [],
            "id": "lt-03fd62fbc796e3e42",
            "image_id": "ami-0e38544e8c801be15",
            "instance_initiated_shutdown_behavior": "",
            "instance_market_options": [],
            "instance_requirements": [],
            "instance_type": "t2.micro",
            "kernel_id": "",
            "key_name": "terraform-back-key",
            "latest_version": 1,
            "license_specification": [],
            "maintenance_options": [],
            "metadata_options": [],
            "monitoring": [],
            "name": "back-launch-config",
            "name_prefix": "",
            "network_interfaces": [
              {
                "associate_carrier_ip_address": "",
                "associate_public_ip_address": "",
                "delete_on_termination": "",
                "description": "",
                "device_index": 0,
                "interface_type": "",
                "ipv4_address_count": 0,
                "ipv4_addresses": null,
                "ipv4_prefix_count": 0,
                "ipv4_prefixes": null,
                "ipv6_address_count": 0,
                "ipv6_addresses": null,
                "ipv6_prefix_count": 0,
                "ipv6_prefixes": null,
                "network_card_index": 0,
                "network_interface_id": "",
                "primary_ipv6": "",
                "private_ip_address": "",
                "security_groups": [
                  "sg-086644d2e69886e3d"
                ],
                "subnet_id": ""
              }
            ],
            "placement": [],
            "private_dns_name_options": [],
            "ram_disk_id": "",
            "security_group_names": null,
            "tag_specifications": [],
            "tags": null,
            "tags_all": {},
            "update_default_version": null,
            "user_data": "",
            "vpc_security_group_ids": null
          },
          "sensitive_attributes": [],
          "private": "bnVsbA==",
          "dependencies": [
            "aws_security_group.terraform_back_ec2_sg",
            "aws_vpc.terraform_vpc"
          ],
          "create_before_destroy": true
        }
      ]
    },
    {
      "mode": "managed",
      "type": "aws_lb",
      "name": "alb_back",
      "provider": "provider[\"registry.terraform.io/hashicorp/aws\"]",
      "instances": [
        {
          "schema_version": 0,
          "attributes": {
            "access_logs": [
              {
                "bucket": "",
                "enabled": false,
                "prefix": ""
              }
            ],
            "arn": "arn:aws:elasticloadbalancing:ap-southeast-1:779846794980:loadbalancer/app/backend-alb/1896e271a6fb072d",
            "arn_suffix": "app/backend-alb/1896e271a6fb072d",
            "client_keep_alive": 3600,
            "connection_logs": [
              {
                "bucket": "",
                "enabled": false,
                "prefix": ""
              }
            ],
            "customer_owned_ipv4_pool": "",
            "desync_mitigation_mode": "defensive",
            "dns_name": "internal-backend-alb-1322931441.ap-southeast-1.elb.amazonaws.com",
            "dns_record_client_routing_policy": null,
            "drop_invalid_header_fields": false,
            "enable_cross_zone_load_balancing": true,
            "enable_deletion_protection": false,
            "enable_http2": true,
            "enable_tls_version_and_cipher_suite_headers": false,
            "enable_waf_fail_open": false,
            "enable_xff_client_port": false,
            "enable_zonal_shift": false,
            "enforce_security_group_inbound_rules_on_private_link_traffic": "",
            "id": "arn:aws:elasticloadbalancing:ap-southeast-1:779846794980:loadbalancer/app/backend-alb/1896e271a6fb072d",
            "idle_timeout": 60,
            "internal": true,
            "ip_address_type": "ipv4",
            "load_balancer_type": "application",
            "name": "backend-alb",
            "name_prefix": "",
            "preserve_host_header": false,
            "security_groups": [
              "sg-086644d2e69886e3d"
            ],
            "subnet_mapping": [
              {
                "allocation_id": "",
                "ipv6_address": "",
                "outpost_id": "",
                "private_ipv4_address": "",
                "subnet_id": "subnet-08049f11ff4aab1e1"
              },
              {
                "allocation_id": "",
                "ipv6_address": "",
                "outpost_id": "",
                "private_ipv4_address": "",
                "subnet_id": "subnet-0b8c5171636836fb0"
              }
            ],
            "subnets": [
              "subnet-08049f11ff4aab1e1",
              "subnet-0b8c5171636836fb0"
            ],
            "tags": {},
            "tags_all": {},
            "timeouts": null,
            "vpc_id": "vpc-0a405b0311f93743b",
            "xff_header_processing_mode": "append",
            "zone_id": "Z1LMS91P8CMLE5"
          },
          "sensitive_attributes": [],
          "private": "eyJlMmJmYjczMC1lY2FhLTExZTYtOGY4OC0zNDM2M2JjN2M0YzAiOnsiY3JlYXRlIjo2MDAwMDAwMDAwMDAsImRlbGV0ZSI6NjAwMDAwMDAwMDAwLCJ1cGRhdGUiOjYwMDAwMDAwMDAwMH19",
          "dependencies": [
            "aws_security_group.terraform_back_ec2_sg",
            "aws_subnet.terraform_private_subnet_1",
            "aws_subnet.terraform_private_subnet_2",
            "aws_vpc.terraform_vpc"
          ]
        }
      ]
    },
    {
      "mode": "managed",
      "type": "aws_lb",
      "name": "alb_front",
      "provider": "provider[\"registry.terraform.io/hashicorp/aws\"]",
      "instances": [
        {
          "schema_version": 0,
          "attributes": {
            "access_logs": [
              {
                "bucket": "",
                "enabled": false,
                "prefix": ""
              }
            ],
            "arn": "arn:aws:elasticloadbalancing:ap-southeast-1:779846794980:loadbalancer/app/frontend-alb/8107f48e6a8e3da8",
            "arn_suffix": "app/frontend-alb/8107f48e6a8e3da8",
            "client_keep_alive": 3600,
            "connection_logs": [
              {
                "bucket": "",
                "enabled": false,
                "prefix": ""
              }
            ],
            "customer_owned_ipv4_pool": "",
            "desync_mitigation_mode": "defensive",
            "dns_name": "frontend-alb-662155509.ap-southeast-1.elb.amazonaws.com",
            "dns_record_client_routing_policy": null,
            "drop_invalid_header_fields": false,
            "enable_cross_zone_load_balancing": true,
            "enable_deletion_protection": false,
            "enable_http2": true,
            "enable_tls_version_and_cipher_suite_headers": false,
            "enable_waf_fail_open": false,
            "enable_xff_client_port": false,
            "enable_zonal_shift": false,
            "enforce_security_group_inbound_rules_on_private_link_traffic": "",
            "id": "arn:aws:elasticloadbalancing:ap-southeast-1:779846794980:loadbalancer/app/frontend-alb/8107f48e6a8e3da8",
            "idle_timeout": 60,
            "internal": false,
            "ip_address_type": "ipv4",
            "load_balancer_type": "application",
            "name": "frontend-alb",
            "name_prefix": "",
            "preserve_host_header": false,
            "security_groups": [
              "sg-0a1cb943df97c726d"
            ],
            "subnet_mapping": [
              {
                "allocation_id": "",
                "ipv6_address": "",
                "outpost_id": "",
                "private_ipv4_address": "",
                "subnet_id": "subnet-0b3a5a1a8ded0bf75"
              },
              {
                "allocation_id": "",
                "ipv6_address": "",
                "outpost_id": "",
                "private_ipv4_address": "",
                "subnet_id": "subnet-0f85819a40f5c25cb"
              }
            ],
            "subnets": [
              "subnet-0b3a5a1a8ded0bf75",
              "subnet-0f85819a40f5c25cb"
            ],
            "tags": {},
            "tags_all": {},
            "timeouts": null,
            "vpc_id": "vpc-0a405b0311f93743b",
            "xff_header_processing_mode": "append",
            "zone_id": "Z1LMS91P8CMLE5"
          },
          "sensitive_attributes": [],
          "private": "eyJlMmJmYjczMC1lY2FhLTExZTYtOGY4OC0zNDM2M2JjN2M0YzAiOnsiY3JlYXRlIjo2MDAwMDAwMDAwMDAsImRlbGV0ZSI6NjAwMDAwMDAwMDAwLCJ1cGRhdGUiOjYwMDAwMDAwMDAwMH19",
          "dependencies": [
            "aws_security_group.terraform_front_ec2_sg",
            "aws_subnet.terraform_public_subnet_1",
            "aws_subnet.terraform_public_subnet_2",
            "aws_vpc.terraform_vpc"
          ]
        }
      ]
    },
    {
      "mode": "managed",
      "type": "aws_lb_listener",
      "name": "http_listener_back",
      "provider": "provider[\"registry.terraform.io/hashicorp/aws\"]",
      "instances": [
        {
          "schema_version": 0,
          "attributes": {
            "alpn_policy": null,
            "arn": "arn:aws:elasticloadbalancing:ap-southeast-1:779846794980:listener/app/backend-alb/1896e271a6fb072d/de94310bf8c2d2f6",
            "certificate_arn": null,
            "default_action": [
              {
                "authenticate_cognito": [],
                "authenticate_oidc": [],
                "fixed_response": [],
                "forward": [],
                "order": 1,
                "redirect": [],
                "target_group_arn": "arn:aws:elasticloadbalancing:ap-southeast-1:779846794980:targetgroup/target-group-back/7c5e0ea202b539cc",
                "type": "forward"
              }
            ],
            "id": "arn:aws:elasticloadbalancing:ap-southeast-1:779846794980:listener/app/backend-alb/1896e271a6fb072d/de94310bf8c2d2f6",
            "load_balancer_arn": "arn:aws:elasticloadbalancing:ap-southeast-1:779846794980:loadbalancer/app/backend-alb/1896e271a6fb072d",
            "mutual_authentication": [],
            "port": 8000,
            "protocol": "HTTP",
            "ssl_policy": "",
            "tags": {},
            "tags_all": {},
            "tcp_idle_timeout_seconds": null,
            "timeouts": null
          },
          "sensitive_attributes": [],
          "private": "eyJlMmJmYjczMC1lY2FhLTExZTYtOGY4OC0zNDM2M2JjN2M0YzAiOnsiY3JlYXRlIjozMDAwMDAwMDAwMDAsInVwZGF0ZSI6MzAwMDAwMDAwMDAwfX0=",
          "dependencies": [
            "aws_lb.alb_back",
            "aws_lb_target_group.tg_back",
            "aws_security_group.terraform_back_ec2_sg",
            "aws_subnet.terraform_private_subnet_1",
            "aws_subnet.terraform_private_subnet_2",
            "aws_vpc.terraform_vpc"
          ]
        }
      ]
    },
    {
      "mode": "managed",
      "type": "aws_lb_listener",
      "name": "https_listener",
      "provider": "provider[\"registry.terraform.io/hashicorp/aws\"]",
      "instances": [
        {
          "schema_version": 0,
          "attributes": {
            "alpn_policy": null,
            "arn": "arn:aws:elasticloadbalancing:ap-southeast-1:779846794980:listener/app/backend-alb/1896e271a6fb072d/dc69e1eeefe33c0c",
            "certificate_arn": null,
            "default_action": [
              {
                "authenticate_cognito": [],
                "authenticate_oidc": [],
                "fixed_response": [],
                "forward": [],
                "order": 1,
                "redirect": [],
                "target_group_arn": "arn:aws:elasticloadbalancing:ap-southeast-1:779846794980:targetgroup/target-group-back/7c5e0ea202b539cc",
                "type": "forward"
              }
            ],
            "id": "arn:aws:elasticloadbalancing:ap-southeast-1:779846794980:listener/app/backend-alb/1896e271a6fb072d/dc69e1eeefe33c0c",
            "load_balancer_arn": "arn:aws:elasticloadbalancing:ap-southeast-1:779846794980:loadbalancer/app/backend-alb/1896e271a6fb072d",
            "mutual_authentication": [],
            "port": 80,
            "protocol": "HTTP",
            "ssl_policy": "",
            "tags": {},
            "tags_all": {},
            "tcp_idle_timeout_seconds": null,
            "timeouts": null
          },
          "sensitive_attributes": [],
          "private": "eyJlMmJmYjczMC1lY2FhLTExZTYtOGY4OC0zNDM2M2JjN2M0YzAiOnsiY3JlYXRlIjozMDAwMDAwMDAwMDAsInVwZGF0ZSI6MzAwMDAwMDAwMDAwfX0=",
          "dependencies": [
            "aws_lb.alb_back",
            "aws_lb_target_group.tg_back",
            "aws_security_group.terraform_back_ec2_sg",
            "aws_subnet.terraform_private_subnet_1",
            "aws_subnet.terraform_private_subnet_2",
            "aws_vpc.terraform_vpc"
          ]
        }
      ]
    },
    {
      "mode": "managed",
      "type": "aws_lb_listener",
      "name": "https_listeners",
      "provider": "provider[\"registry.terraform.io/hashicorp/aws\"]",
      "instances": [
        {
          "schema_version": 0,
          "attributes": {
            "alpn_policy": null,
            "arn": "arn:aws:elasticloadbalancing:ap-southeast-1:779846794980:listener/app/frontend-alb/8107f48e6a8e3da8/4c3bc60ccbd7c3a0",
            "certificate_arn": null,
            "default_action": [
              {
                "authenticate_cognito": [],
                "authenticate_oidc": [],
                "fixed_response": [],
                "forward": [],
                "order": 1,
                "redirect": [],
                "target_group_arn": "arn:aws:elasticloadbalancing:ap-southeast-1:779846794980:targetgroup/target-group-front/faacd8d4f1c28195",
                "type": "forward"
              }
            ],
            "id": "arn:aws:elasticloadbalancing:ap-southeast-1:779846794980:listener/app/frontend-alb/8107f48e6a8e3da8/4c3bc60ccbd7c3a0",
            "load_balancer_arn": "arn:aws:elasticloadbalancing:ap-southeast-1:779846794980:loadbalancer/app/frontend-alb/8107f48e6a8e3da8",
            "mutual_authentication": [],
            "port": 80,
            "protocol": "HTTP",
            "ssl_policy": "",
            "tags": {},
            "tags_all": {},
            "tcp_idle_timeout_seconds": null,
            "timeouts": null
          },
          "sensitive_attributes": [],
          "private": "eyJlMmJmYjczMC1lY2FhLTExZTYtOGY4OC0zNDM2M2JjN2M0YzAiOnsiY3JlYXRlIjozMDAwMDAwMDAwMDAsInVwZGF0ZSI6MzAwMDAwMDAwMDAwfX0=",
          "dependencies": [
            "aws_lb.alb_front",
            "aws_lb_target_group.tg_front",
            "aws_security_group.terraform_front_ec2_sg",
            "aws_subnet.terraform_public_subnet_1",
            "aws_subnet.terraform_public_subnet_2",
            "aws_vpc.terraform_vpc"
          ]
        }
      ]
    },
    {
      "mode": "managed",
      "type": "aws_lb_target_group",
      "name": "tg_back",
      "provider": "provider[\"registry.terraform.io/hashicorp/aws\"]",
      "instances": [
        {
          "schema_version": 0,
          "attributes": {
            "arn": "arn:aws:elasticloadbalancing:ap-southeast-1:779846794980:targetgroup/target-group-back/7c5e0ea202b539cc",
            "arn_suffix": "targetgroup/target-group-back/7c5e0ea202b539cc",
            "connection_termination": null,
            "deregistration_delay": "300",
            "health_check": [
              {
                "enabled": true,
                "healthy_threshold": 3,
                "interval": 30,
                "matcher": "200",
                "path": "/home/",
                "port": "traffic-port",
                "protocol": "HTTP",
                "timeout": 5,
                "unhealthy_threshold": 2
              }
            ],
            "id": "arn:aws:elasticloadbalancing:ap-southeast-1:779846794980:targetgroup/target-group-back/7c5e0ea202b539cc",
            "ip_address_type": "ipv4",
            "lambda_multi_value_headers_enabled": false,
            "load_balancer_arns": [
              "arn:aws:elasticloadbalancing:ap-southeast-1:779846794980:loadbalancer/app/backend-alb/1896e271a6fb072d"
            ],
            "load_balancing_algorithm_type": "round_robin",
            "load_balancing_anomaly_mitigation": "off",
            "load_balancing_cross_zone_enabled": "use_load_balancer_configuration",
            "name": "target-group-back",
            "name_prefix": "",
            "port": 80,
            "preserve_client_ip": null,
            "protocol": "HTTP",
            "protocol_version": "HTTP1",
            "proxy_protocol_v2": false,
            "slow_start": 0,
            "stickiness": [
              {
                "cookie_duration": 86400,
                "cookie_name": "",
                "enabled": false,
                "type": "lb_cookie"
              }
            ],
            "tags": {},
            "tags_all": {},
            "target_failover": [
              {
                "on_deregistration": null,
                "on_unhealthy": null
              }
            ],
            "target_group_health": [
              {
                "dns_failover": [
                  {
                    "minimum_healthy_targets_count": "1",
                    "minimum_healthy_targets_percentage": "off"
                  }
                ],
                "unhealthy_state_routing": [
                  {
                    "minimum_healthy_targets_count": 1,
                    "minimum_healthy_targets_percentage": "off"
                  }
                ]
              }
            ],
            "target_health_state": [
              {
                "enable_unhealthy_connection_termination": null,
                "unhealthy_draining_interval": null
              }
            ],
            "target_type": "instance",
            "vpc_id": "vpc-0a405b0311f93743b"
          },
          "sensitive_attributes": [],
          "private": "bnVsbA==",
          "dependencies": [
            "aws_vpc.terraform_vpc"
          ],
          "create_before_destroy": true
        }
      ]
    },
    {
      "mode": "managed",
      "type": "aws_lb_target_group",
      "name": "tg_front",
      "provider": "provider[\"registry.terraform.io/hashicorp/aws\"]",
      "instances": [
        {
          "schema_version": 0,
          "attributes": {
            "arn": "arn:aws:elasticloadbalancing:ap-southeast-1:779846794980:targetgroup/target-group-front/faacd8d4f1c28195",
            "arn_suffix": "targetgroup/target-group-front/faacd8d4f1c28195",
            "connection_termination": null,
            "deregistration_delay": "300",
            "health_check": [
              {
                "enabled": true,
                "healthy_threshold": 3,
                "interval": 30,
                "matcher": "200",
                "path": "/home/",
                "port": "traffic-port",
                "protocol": "HTTP",
                "timeout": 5,
                "unhealthy_threshold": 2
              }
            ],
            "id": "arn:aws:elasticloadbalancing:ap-southeast-1:779846794980:targetgroup/target-group-front/faacd8d4f1c28195",
            "ip_address_type": "ipv4",
            "lambda_multi_value_headers_enabled": false,
            "load_balancer_arns": [
              "arn:aws:elasticloadbalancing:ap-southeast-1:779846794980:loadbalancer/app/frontend-alb/8107f48e6a8e3da8"
            ],
            "load_balancing_algorithm_type": "round_robin",
            "load_balancing_anomaly_mitigation": "off",
            "load_balancing_cross_zone_enabled": "use_load_balancer_configuration",
            "name": "target-group-front",
            "name_prefix": "",
            "port": 80,
            "preserve_client_ip": null,
            "protocol": "HTTP",
            "protocol_version": "HTTP1",
            "proxy_protocol_v2": false,
            "slow_start": 0,
            "stickiness": [
              {
                "cookie_duration": 86400,
                "cookie_name": "",
                "enabled": false,
                "type": "lb_cookie"
              }
            ],
            "tags": {},
            "tags_all": {},
            "target_failover": [
              {
                "on_deregistration": null,
                "on_unhealthy": null
              }
            ],
            "target_group_health": [
              {
                "dns_failover": [
                  {
                    "minimum_healthy_targets_count": "1",
                    "minimum_healthy_targets_percentage": "off"
                  }
                ],
                "unhealthy_state_routing": [
                  {
                    "minimum_healthy_targets_count": 1,
                    "minimum_healthy_targets_percentage": "off"
                  }
                ]
              }
            ],
            "target_health_state": [
              {
                "enable_unhealthy_connection_termination": null,
                "unhealthy_draining_interval": null
              }
            ],
            "target_type": "instance",
            "vpc_id": "vpc-0a405b0311f93743b"
          },
          "sensitive_attributes": [],
          "private": "bnVsbA==",
          "dependencies": [
            "aws_vpc.terraform_vpc"
          ]
        }
      ]
    },
    {
      "mode": "managed",
      "type": "aws_lb_target_group_attachment",
      "name": "backend_attachment",
      "provider": "provider[\"registry.terraform.io/hashicorp/aws\"]",
      "instances": [
        {
          "schema_version": 0,
          "attributes": {
            "availability_zone": null,
            "id": "arn:aws:elasticloadbalancing:ap-southeast-1:779846794980:targetgroup/target-group-back/7c5e0ea202b539cc-20241129122625656700000005",
            "port": 8000,
            "target_group_arn": "arn:aws:elasticloadbalancing:ap-southeast-1:779846794980:targetgroup/target-group-back/7c5e0ea202b539cc",
            "target_id": "i-05ef5b6dfcd7c9596"
          },
          "sensitive_attributes": [],
          "private": "bnVsbA==",
          "dependencies": [
            "aws_instance.terraform_back_ec2",
            "aws_instance.terraform_front_ec2",
            "aws_lb.alb_back",
            "aws_lb_target_group.tg_back",
            "aws_security_group.terraform_back_ec2_sg",
            "aws_security_group.terraform_front_ec2_sg",
            "aws_subnet.terraform_private_subnet_1",
            "aws_subnet.terraform_private_subnet_2",
            "aws_subnet.terraform_public_subnet_1",
            "aws_vpc.terraform_vpc"
          ]
        }
      ]
    },
    {
      "mode": "managed",
      "type": "aws_lb_target_group_attachment",
      "name": "frontend_attachment",
      "provider": "provider[\"registry.terraform.io/hashicorp/aws\"]",
      "instances": [
        {
          "schema_version": 0,
          "attributes": {
            "availability_zone": null,
            "id": "arn:aws:elasticloadbalancing:ap-southeast-1:779846794980:targetgroup/target-group-front/faacd8d4f1c28195-20241129122557830800000004",
            "port": 80,
            "target_group_arn": "arn:aws:elasticloadbalancing:ap-southeast-1:779846794980:targetgroup/target-group-front/faacd8d4f1c28195",
            "target_id": "i-017e315bf0ab0816c"
          },
          "sensitive_attributes": [],
          "private": "bnVsbA==",
          "dependencies": [
            "aws_instance.terraform_front_ec2",
            "aws_lb.alb_back",
            "aws_lb_target_group.tg_front",
            "aws_security_group.terraform_back_ec2_sg",
            "aws_security_group.terraform_front_ec2_sg",
            "aws_subnet.terraform_private_subnet_1",
            "aws_subnet.terraform_private_subnet_2",
            "aws_subnet.terraform_public_subnet_1",
            "aws_vpc.terraform_vpc"
          ]
        }
      ]
    },
    {
      "mode": "managed",
      "type": "aws_nat_gateway",
      "name": "nat_gateway",
      "provider": "provider[\"registry.terraform.io/hashicorp/aws\"]",
      "instances": [
        {
          "schema_version": 0,
          "attributes": {
            "allocation_id": "eipalloc-073b36a4683d5e7bd",
            "association_id": "eipassoc-063e4b686864e5c88",
            "connectivity_type": "public",
            "id": "nat-04af1a84d85274156",
            "network_interface_id": "eni-0a258606979bad519",
            "private_ip": "10.0.5.18",
            "public_ip": "3.1.52.228",
            "secondary_allocation_ids": [],
            "secondary_private_ip_address_count": 0,
            "secondary_private_ip_addresses": [],
            "subnet_id": "subnet-0b3a5a1a8ded0bf75",
            "tags": {
              "Name": "terraform-nat-gateway"
            },
            "tags_all": {
              "Name": "terraform-nat-gateway"
            },
            "timeouts": null
          },
          "sensitive_attributes": [],
          "private": "eyJlMmJmYjczMC1lY2FhLTExZTYtOGY4OC0zNDM2M2JjN2M0YzAiOnsiY3JlYXRlIjo2MDAwMDAwMDAwMDAsImRlbGV0ZSI6MTgwMDAwMDAwMDAwMCwidXBkYXRlIjo2MDAwMDAwMDAwMDB9fQ==",
          "dependencies": [
            "aws_eip.nat_eip",
            "aws_subnet.terraform_public_subnet_1",
            "aws_vpc.terraform_vpc"
          ]
        }
      ]
    },
    {
      "mode": "managed",
      "type": "aws_route",
      "name": "private_route",
      "provider": "provider[\"registry.terraform.io/hashicorp/aws\"]",
      "instances": [
        {
          "schema_version": 0,
          "attributes": {
            "carrier_gateway_id": "",
            "core_network_arn": "",
            "destination_cidr_block": "0.0.0.0/0",
            "destination_ipv6_cidr_block": "",
            "destination_prefix_list_id": "",
            "egress_only_gateway_id": "",
            "gateway_id": "",
            "id": "r-rtb-03666fbfab03225b81080289494",
            "instance_id": "",
            "instance_owner_id": "",
            "local_gateway_id": "",
            "nat_gateway_id": "nat-04af1a84d85274156",
            "network_interface_id": "",
            "origin": "CreateRoute",
            "route_table_id": "rtb-03666fbfab03225b8",
            "state": "active",
            "timeouts": null,
            "transit_gateway_id": "",
            "vpc_endpoint_id": "",
            "vpc_peering_connection_id": ""
          },
          "sensitive_attributes": [],
          "private": "eyJlMmJmYjczMC1lY2FhLTExZTYtOGY4OC0zNDM2M2JjN2M0YzAiOnsiY3JlYXRlIjozMDAwMDAwMDAwMDAsImRlbGV0ZSI6MzAwMDAwMDAwMDAwLCJ1cGRhdGUiOjEyMDAwMDAwMDAwMH19",
          "dependencies": [
            "aws_eip.nat_eip",
            "aws_nat_gateway.nat_gateway",
            "aws_route_table.terraform_private_route_table",
            "aws_subnet.terraform_public_subnet_1",
            "aws_vpc.terraform_vpc"
          ]
        }
      ]
    },
    {
      "mode": "managed",
      "type": "aws_route_table",
      "name": "terraform-public_route_table",
      "provider": "provider[\"registry.terraform.io/hashicorp/aws\"]",
      "instances": [
        {
          "schema_version": 0,
          "attributes": {
            "arn": "arn:aws:ec2:ap-southeast-1:779846794980:route-table/rtb-0ab621a893fe6230c",
            "id": "rtb-0ab621a893fe6230c",
            "owner_id": "779846794980",
            "propagating_vgws": [],
            "route": [
              {
                "carrier_gateway_id": "",
                "cidr_block": "0.0.0.0/0",
                "core_network_arn": "",
                "destination_prefix_list_id": "",
                "egress_only_gateway_id": "",
                "gateway_id": "igw-05df1c3821d69b122",
                "ipv6_cidr_block": "",
                "local_gateway_id": "",
                "nat_gateway_id": "",
                "network_interface_id": "",
                "transit_gateway_id": "",
                "vpc_endpoint_id": "",
                "vpc_peering_connection_id": ""
              }
            ],
            "tags": {
              "Name": "terraform-public-route-table"
            },
            "tags_all": {
              "Name": "terraform-public-route-table"
            },
            "timeouts": null,
            "vpc_id": "vpc-0a405b0311f93743b"
          },
          "sensitive_attributes": [],
          "private": "eyJlMmJmYjczMC1lY2FhLTExZTYtOGY4OC0zNDM2M2JjN2M0YzAiOnsiY3JlYXRlIjozMDAwMDAwMDAwMDAsImRlbGV0ZSI6MzAwMDAwMDAwMDAwLCJ1cGRhdGUiOjEyMDAwMDAwMDAwMH19",
          "dependencies": [
            "aws_internet_gateway.terraform_igw",
            "aws_vpc.terraform_vpc"
          ]
        }
      ]
    },
    {
      "mode": "managed",
      "type": "aws_route_table",
      "name": "terraform_private_route_table",
      "provider": "provider[\"registry.terraform.io/hashicorp/aws\"]",
      "instances": [
        {
          "schema_version": 0,
          "attributes": {
            "arn": "arn:aws:ec2:ap-southeast-1:779846794980:route-table/rtb-03666fbfab03225b8",
            "id": "rtb-03666fbfab03225b8",
            "owner_id": "779846794980",
            "propagating_vgws": [],
            "route": [
              {
                "carrier_gateway_id": "",
                "cidr_block": "0.0.0.0/0",
                "core_network_arn": "",
                "destination_prefix_list_id": "",
                "egress_only_gateway_id": "",
                "gateway_id": "",
                "ipv6_cidr_block": "",
                "local_gateway_id": "",
                "nat_gateway_id": "nat-04af1a84d85274156",
                "network_interface_id": "",
                "transit_gateway_id": "",
                "vpc_endpoint_id": "",
                "vpc_peering_connection_id": ""
              }
            ],
            "tags": {
              "Name": "terraform-private-route-table"
            },
            "tags_all": {
              "Name": "terraform-private-route-table"
            },
            "timeouts": null,
            "vpc_id": "vpc-0a405b0311f93743b"
          },
          "sensitive_attributes": [],
          "private": "eyJlMmJmYjczMC1lY2FhLTExZTYtOGY4OC0zNDM2M2JjN2M0YzAiOnsiY3JlYXRlIjozMDAwMDAwMDAwMDAsImRlbGV0ZSI6MzAwMDAwMDAwMDAwLCJ1cGRhdGUiOjEyMDAwMDAwMDAwMH19",
          "dependencies": [
            "aws_vpc.terraform_vpc"
          ]
        }
      ]
    },
    {
      "mode": "managed",
      "type": "aws_route_table_association",
      "name": "private_assoc_1",
      "provider": "provider[\"registry.terraform.io/hashicorp/aws\"]",
      "instances": [
        {
          "schema_version": 0,
          "attributes": {
            "gateway_id": "",
            "id": "rtbassoc-0b7d4aabe18123a52",
            "route_table_id": "rtb-03666fbfab03225b8",
            "subnet_id": "subnet-08049f11ff4aab1e1",
            "timeouts": null
          },
          "sensitive_attributes": [],
          "private": "eyJlMmJmYjczMC1lY2FhLTExZTYtOGY4OC0zNDM2M2JjN2M0YzAiOnsiY3JlYXRlIjozMDAwMDAwMDAwMDAsImRlbGV0ZSI6MzAwMDAwMDAwMDAwLCJ1cGRhdGUiOjEyMDAwMDAwMDAwMH19",
          "dependencies": [
            "aws_route_table.terraform_private_route_table",
            "aws_subnet.terraform_private_subnet_1",
            "aws_vpc.terraform_vpc"
          ]
        }
      ]
    },
    {
      "mode": "managed",
      "type": "aws_route_table_association",
      "name": "private_assoc_2",
      "provider": "provider[\"registry.terraform.io/hashicorp/aws\"]",
      "instances": [
        {
          "schema_version": 0,
          "attributes": {
            "gateway_id": "",
            "id": "rtbassoc-03d015e2f160dcb38",
            "route_table_id": "rtb-03666fbfab03225b8",
            "subnet_id": "subnet-0b8c5171636836fb0",
            "timeouts": null
          },
          "sensitive_attributes": [],
          "private": "eyJlMmJmYjczMC1lY2FhLTExZTYtOGY4OC0zNDM2M2JjN2M0YzAiOnsiY3JlYXRlIjozMDAwMDAwMDAwMDAsImRlbGV0ZSI6MzAwMDAwMDAwMDAwLCJ1cGRhdGUiOjEyMDAwMDAwMDAwMH19",
          "dependencies": [
            "aws_route_table.terraform_private_route_table",
            "aws_subnet.terraform_private_subnet_2",
            "aws_vpc.terraform_vpc"
          ]
        }
      ]
    },
    {
      "mode": "managed",
      "type": "aws_route_table_association",
      "name": "public_assoc_1",
      "provider": "provider[\"registry.terraform.io/hashicorp/aws\"]",
      "instances": [
        {
          "schema_version": 0,
          "attributes": {
            "gateway_id": "",
            "id": "rtbassoc-02109983cd3935853",
            "route_table_id": "rtb-0ab621a893fe6230c",
            "subnet_id": "subnet-0b3a5a1a8ded0bf75",
            "timeouts": null
          },
          "sensitive_attributes": [],
          "private": "eyJlMmJmYjczMC1lY2FhLTExZTYtOGY4OC0zNDM2M2JjN2M0YzAiOnsiY3JlYXRlIjozMDAwMDAwMDAwMDAsImRlbGV0ZSI6MzAwMDAwMDAwMDAwLCJ1cGRhdGUiOjEyMDAwMDAwMDAwMH19",
          "dependencies": [
            "aws_internet_gateway.terraform_igw",
            "aws_route_table.terraform-public_route_table",
            "aws_subnet.terraform_public_subnet_1",
            "aws_vpc.terraform_vpc"
          ]
        }
      ]
    },
    {
      "mode": "managed",
      "type": "aws_route_table_association",
      "name": "public_assoc_2",
      "provider": "provider[\"registry.terraform.io/hashicorp/aws\"]",
      "instances": [
        {
          "schema_version": 0,
          "attributes": {
            "gateway_id": "",
            "id": "rtbassoc-094b8c598246d6ca1",
            "route_table_id": "rtb-0ab621a893fe6230c",
            "subnet_id": "subnet-0f85819a40f5c25cb",
            "timeouts": null
          },
          "sensitive_attributes": [],
          "private": "eyJlMmJmYjczMC1lY2FhLTExZTYtOGY4OC0zNDM2M2JjN2M0YzAiOnsiY3JlYXRlIjozMDAwMDAwMDAwMDAsImRlbGV0ZSI6MzAwMDAwMDAwMDAwLCJ1cGRhdGUiOjEyMDAwMDAwMDAwMH19",
          "dependencies": [
            "aws_internet_gateway.terraform_igw",
            "aws_route_table.terraform-public_route_table",
            "aws_subnet.terraform_public_subnet_2",
            "aws_vpc.terraform_vpc"
          ]
        }
      ]
    },
    {
      "mode": "managed",
      "type": "aws_security_group",
      "name": "terraform_back_ec2_sg",
      "provider": "provider[\"registry.terraform.io/hashicorp/aws\"]",
      "instances": [
        {
          "schema_version": 1,
          "attributes": {
            "arn": "arn:aws:ec2:ap-southeast-1:779846794980:security-group/sg-086644d2e69886e3d",
            "description": "Allow SSH ",
            "egress": [
              {
                "cidr_blocks": [
                  "0.0.0.0/0"
                ],
                "description": "",
                "from_port": 0,
                "ipv6_cidr_blocks": [],
                "prefix_list_ids": [],
                "protocol": "-1",
                "security_groups": [],
                "self": false,
                "to_port": 0
              }
            ],
            "id": "sg-086644d2e69886e3d",
            "ingress": [
              {
                "cidr_blocks": [
                  "0.0.0.0/0"
                ],
                "description": "",
                "from_port": 22,
                "ipv6_cidr_blocks": [],
                "prefix_list_ids": [],
                "protocol": "tcp",
                "security_groups": [],
                "self": false,
                "to_port": 22
              },
              {
                "cidr_blocks": [
                  "0.0.0.0/0"
                ],
                "description": "",
                "from_port": 5432,
                "ipv6_cidr_blocks": [],
                "prefix_list_ids": [],
                "protocol": "tcp",
                "security_groups": [],
                "self": false,
                "to_port": 5432
              },
              {
                "cidr_blocks": [
                  "0.0.0.0/0"
                ],
                "description": "",
                "from_port": 8000,
                "ipv6_cidr_blocks": [],
                "prefix_list_ids": [],
                "protocol": "tcp",
                "security_groups": [],
                "self": false,
                "to_port": 8000
              }
            ],
            "name": "terraform-back-ec2-security-group",
            "name_prefix": "",
            "owner_id": "779846794980",
            "revoke_rules_on_delete": false,
            "tags": {
              "Name": "terraform-back-ec2-security-group"
            },
            "tags_all": {
              "Name": "terraform-back-ec2-security-group"
            },
            "timeouts": null,
            "vpc_id": "vpc-0a405b0311f93743b"
          },
          "sensitive_attributes": [],
          "private": "eyJlMmJmYjczMC1lY2FhLTExZTYtOGY4OC0zNDM2M2JjN2M0YzAiOnsiY3JlYXRlIjo2MDAwMDAwMDAwMDAsImRlbGV0ZSI6OTAwMDAwMDAwMDAwfSwic2NoZW1hX3ZlcnNpb24iOiIxIn0=",
          "dependencies": [
            "aws_vpc.terraform_vpc"
          ],
          "create_before_destroy": true
        }
      ]
    },
    {
      "mode": "managed",
      "type": "aws_security_group",
      "name": "terraform_data_ec2_sg",
      "provider": "provider[\"registry.terraform.io/hashicorp/aws\"]",
      "instances": [
        {
          "schema_version": 1,
          "attributes": {
            "arn": "arn:aws:ec2:ap-southeast-1:779846794980:security-group/sg-0b9d3657265b72fc4",
            "description": "Allow SSH and PostgreSQL access",
            "egress": [
              {
                "cidr_blocks": [
                  "0.0.0.0/0"
                ],
                "description": "",
                "from_port": 0,
                "ipv6_cidr_blocks": [],
                "prefix_list_ids": [],
                "protocol": "-1",
                "security_groups": [],
                "self": false,
                "to_port": 0
              }
            ],
            "id": "sg-0b9d3657265b72fc4",
            "ingress": [
              {
                "cidr_blocks": [
                  "0.0.0.0/0"
                ],
                "description": "",
                "from_port": 22,
                "ipv6_cidr_blocks": [],
                "prefix_list_ids": [],
                "protocol": "tcp",
                "security_groups": [],
                "self": false,
                "to_port": 22
              },
              {
                "cidr_blocks": [
                  "0.0.0.0/0"
                ],
                "description": "",
                "from_port": 5432,
                "ipv6_cidr_blocks": [],
                "prefix_list_ids": [],
                "protocol": "tcp",
                "security_groups": [],
                "self": false,
                "to_port": 5432
              }
            ],
            "name": "terraform-data-ec2-security-group",
            "name_prefix": "",
            "owner_id": "779846794980",
            "revoke_rules_on_delete": false,
            "tags": {
              "Name": "terraform-data-ec2-security-group"
            },
            "tags_all": {
              "Name": "terraform-data-ec2-security-group"
            },
            "timeouts": null,
            "vpc_id": "vpc-0a405b0311f93743b"
          },
          "sensitive_attributes": [],
          "private": "eyJlMmJmYjczMC1lY2FhLTExZTYtOGY4OC0zNDM2M2JjN2M0YzAiOnsiY3JlYXRlIjo2MDAwMDAwMDAwMDAsImRlbGV0ZSI6OTAwMDAwMDAwMDAwfSwic2NoZW1hX3ZlcnNpb24iOiIxIn0=",
          "dependencies": [
            "aws_vpc.terraform_vpc"
          ]
        }
      ]
    },
    {
      "mode": "managed",
      "type": "aws_security_group",
      "name": "terraform_front_ec2_sg",
      "provider": "provider[\"registry.terraform.io/hashicorp/aws\"]",
      "instances": [
        {
          "schema_version": 1,
          "attributes": {
            "arn": "arn:aws:ec2:ap-southeast-1:779846794980:security-group/sg-0a1cb943df97c726d",
            "description": "Allow SSH and HTTP access",
            "egress": [
              {
                "cidr_blocks": [
                  "0.0.0.0/0"
                ],
                "description": "",
                "from_port": 0,
                "ipv6_cidr_blocks": [],
                "prefix_list_ids": [],
                "protocol": "-1",
                "security_groups": [],
                "self": false,
                "to_port": 0
              }
            ],
            "id": "sg-0a1cb943df97c726d",
            "ingress": [
              {
                "cidr_blocks": [
                  "0.0.0.0/0"
                ],
                "description": "",
                "from_port": 22,
                "ipv6_cidr_blocks": [],
                "prefix_list_ids": [],
                "protocol": "tcp",
                "security_groups": [],
                "self": false,
                "to_port": 22
              },
              {
                "cidr_blocks": [
                  "0.0.0.0/0"
                ],
                "description": "",
                "from_port": 80,
                "ipv6_cidr_blocks": [],
                "prefix_list_ids": [],
                "protocol": "tcp",
                "security_groups": [],
                "self": false,
                "to_port": 80
              }
            ],
            "name": "terraform-front-ec2-security-group",
            "name_prefix": "",
            "owner_id": "779846794980",
            "revoke_rules_on_delete": false,
            "tags": {
              "Name": "terraform-front-ec2-security-group"
            },
            "tags_all": {
              "Name": "terraform-front-ec2-security-group"
            },
            "timeouts": null,
            "vpc_id": "vpc-0a405b0311f93743b"
          },
          "sensitive_attributes": [],
          "private": "eyJlMmJmYjczMC1lY2FhLTExZTYtOGY4OC0zNDM2M2JjN2M0YzAiOnsiY3JlYXRlIjo2MDAwMDAwMDAwMDAsImRlbGV0ZSI6OTAwMDAwMDAwMDAwfSwic2NoZW1hX3ZlcnNpb24iOiIxIn0=",
          "dependencies": [
            "aws_vpc.terraform_vpc"
          ]
        }
      ]
    },
    {
      "mode": "managed",
      "type": "aws_subnet",
      "name": "terraform_private_subnet_1",
      "provider": "provider[\"registry.terraform.io/hashicorp/aws\"]",
      "instances": [
        {
          "schema_version": 1,
          "attributes": {
            "arn": "arn:aws:ec2:ap-southeast-1:779846794980:subnet/subnet-08049f11ff4aab1e1",
            "assign_ipv6_address_on_creation": false,
            "availability_zone": "ap-southeast-1a",
            "availability_zone_id": "apse1-az1",
            "cidr_block": "10.0.7.0/24",
            "customer_owned_ipv4_pool": "",
            "enable_dns64": false,
            "enable_lni_at_device_index": 0,
            "enable_resource_name_dns_a_record_on_launch": false,
            "enable_resource_name_dns_aaaa_record_on_launch": false,
            "id": "subnet-08049f11ff4aab1e1",
            "ipv6_cidr_block": "",
            "ipv6_cidr_block_association_id": "",
            "ipv6_native": false,
            "map_customer_owned_ip_on_launch": false,
            "map_public_ip_on_launch": false,
            "outpost_arn": "",
            "owner_id": "779846794980",
            "private_dns_hostname_type_on_launch": "ip-name",
            "tags": {
              "Name": "terraform-private-subnet-1"
            },
            "tags_all": {
              "Name": "terraform-private-subnet-1"
            },
            "timeouts": null,
            "vpc_id": "vpc-0a405b0311f93743b"
          },
          "sensitive_attributes": [],
          "private": "eyJlMmJmYjczMC1lY2FhLTExZTYtOGY4OC0zNDM2M2JjN2M0YzAiOnsiY3JlYXRlIjo2MDAwMDAwMDAwMDAsImRlbGV0ZSI6MTIwMDAwMDAwMDAwMH0sInNjaGVtYV92ZXJzaW9uIjoiMSJ9",
          "dependencies": [
            "aws_vpc.terraform_vpc"
          ],
          "create_before_destroy": true
        }
      ]
    },
    {
      "mode": "managed",
      "type": "aws_subnet",
      "name": "terraform_private_subnet_2",
      "provider": "provider[\"registry.terraform.io/hashicorp/aws\"]",
      "instances": [
        {
          "schema_version": 1,
          "attributes": {
            "arn": "arn:aws:ec2:ap-southeast-1:779846794980:subnet/subnet-0b8c5171636836fb0",
            "assign_ipv6_address_on_creation": false,
            "availability_zone": "ap-southeast-1b",
            "availability_zone_id": "apse1-az2",
            "cidr_block": "10.0.8.0/24",
            "customer_owned_ipv4_pool": "",
            "enable_dns64": false,
            "enable_lni_at_device_index": 0,
            "enable_resource_name_dns_a_record_on_launch": false,
            "enable_resource_name_dns_aaaa_record_on_launch": false,
            "id": "subnet-0b8c5171636836fb0",
            "ipv6_cidr_block": "",
            "ipv6_cidr_block_association_id": "",
            "ipv6_native": false,
            "map_customer_owned_ip_on_launch": false,
            "map_public_ip_on_launch": false,
            "outpost_arn": "",
            "owner_id": "779846794980",
            "private_dns_hostname_type_on_launch": "ip-name",
            "tags": {
              "Name": "terraform-private-subnet-2"
            },
            "tags_all": {
              "Name": "terraform-private-subnet-2"
            },
            "timeouts": null,
            "vpc_id": "vpc-0a405b0311f93743b"
          },
          "sensitive_attributes": [],
          "private": "eyJlMmJmYjczMC1lY2FhLTExZTYtOGY4OC0zNDM2M2JjN2M0YzAiOnsiY3JlYXRlIjo2MDAwMDAwMDAwMDAsImRlbGV0ZSI6MTIwMDAwMDAwMDAwMH0sInNjaGVtYV92ZXJzaW9uIjoiMSJ9",
          "dependencies": [
            "aws_vpc.terraform_vpc"
          ],
          "create_before_destroy": true
        }
      ]
    },
    {
      "mode": "managed",
      "type": "aws_subnet",
      "name": "terraform_public_subnet_1",
      "provider": "provider[\"registry.terraform.io/hashicorp/aws\"]",
      "instances": [
        {
          "schema_version": 1,
          "attributes": {
            "arn": "arn:aws:ec2:ap-southeast-1:779846794980:subnet/subnet-0b3a5a1a8ded0bf75",
            "assign_ipv6_address_on_creation": false,
            "availability_zone": "ap-southeast-1a",
            "availability_zone_id": "apse1-az1",
            "cidr_block": "10.0.5.0/24",
            "customer_owned_ipv4_pool": "",
            "enable_dns64": false,
            "enable_lni_at_device_index": 0,
            "enable_resource_name_dns_a_record_on_launch": false,
            "enable_resource_name_dns_aaaa_record_on_launch": false,
            "id": "subnet-0b3a5a1a8ded0bf75",
            "ipv6_cidr_block": "",
            "ipv6_cidr_block_association_id": "",
            "ipv6_native": false,
            "map_customer_owned_ip_on_launch": false,
            "map_public_ip_on_launch": true,
            "outpost_arn": "",
            "owner_id": "779846794980",
            "private_dns_hostname_type_on_launch": "ip-name",
            "tags": {
              "Name": "terraform-public-subnet-1"
            },
            "tags_all": {
              "Name": "terraform-public-subnet-1"
            },
            "timeouts": null,
            "vpc_id": "vpc-0a405b0311f93743b"
          },
          "sensitive_attributes": [],
          "private": "eyJlMmJmYjczMC1lY2FhLTExZTYtOGY4OC0zNDM2M2JjN2M0YzAiOnsiY3JlYXRlIjo2MDAwMDAwMDAwMDAsImRlbGV0ZSI6MTIwMDAwMDAwMDAwMH0sInNjaGVtYV92ZXJzaW9uIjoiMSJ9",
          "dependencies": [
            "aws_vpc.terraform_vpc"
          ]
        }
      ]
    },
    {
      "mode": "managed",
      "type": "aws_subnet",
      "name": "terraform_public_subnet_2",
      "provider": "provider[\"registry.terraform.io/hashicorp/aws\"]",
      "instances": [
        {
          "schema_version": 1,
          "attributes": {
            "arn": "arn:aws:ec2:ap-southeast-1:779846794980:subnet/subnet-0f85819a40f5c25cb",
            "assign_ipv6_address_on_creation": false,
            "availability_zone": "ap-southeast-1b",
            "availability_zone_id": "apse1-az2",
            "cidr_block": "10.0.6.0/24",
            "customer_owned_ipv4_pool": "",
            "enable_dns64": false,
            "enable_lni_at_device_index": 0,
            "enable_resource_name_dns_a_record_on_launch": false,
            "enable_resource_name_dns_aaaa_record_on_launch": false,
            "id": "subnet-0f85819a40f5c25cb",
            "ipv6_cidr_block": "",
            "ipv6_cidr_block_association_id": "",
            "ipv6_native": false,
            "map_customer_owned_ip_on_launch": false,
            "map_public_ip_on_launch": true,
            "outpost_arn": "",
            "owner_id": "779846794980",
            "private_dns_hostname_type_on_launch": "ip-name",
            "tags": {
              "Name": "terraform-public-subnet-2"
            },
            "tags_all": {
              "Name": "terraform-public-subnet-2"
            },
            "timeouts": null,
            "vpc_id": "vpc-0a405b0311f93743b"
          },
          "sensitive_attributes": [],
          "private": "eyJlMmJmYjczMC1lY2FhLTExZTYtOGY4OC0zNDM2M2JjN2M0YzAiOnsiY3JlYXRlIjo2MDAwMDAwMDAwMDAsImRlbGV0ZSI6MTIwMDAwMDAwMDAwMH0sInNjaGVtYV92ZXJzaW9uIjoiMSJ9",
          "dependencies": [
            "aws_vpc.terraform_vpc"
          ]
        }
      ]
    },
    {
      "mode": "managed",
      "type": "aws_vpc",
      "name": "terraform_vpc",
      "provider": "provider[\"registry.terraform.io/hashicorp/aws\"]",
      "instances": [
        {
          "schema_version": 1,
          "attributes": {
            "arn": "arn:aws:ec2:ap-southeast-1:779846794980:vpc/vpc-0a405b0311f93743b",
            "assign_generated_ipv6_cidr_block": false,
            "cidr_block": "10.0.0.0/16",
            "default_network_acl_id": "acl-038fed821482c9080",
            "default_route_table_id": "rtb-0681cd86e65a3df74",
            "default_security_group_id": "sg-06096e8808fc38bc8",
            "dhcp_options_id": "dopt-08bc4d08a9fac962c",
            "enable_dns_hostnames": false,
            "enable_dns_support": true,
            "enable_network_address_usage_metrics": false,
            "id": "vpc-0a405b0311f93743b",
            "instance_tenancy": "default",
            "ipv4_ipam_pool_id": null,
            "ipv4_netmask_length": null,
            "ipv6_association_id": "",
            "ipv6_cidr_block": "",
            "ipv6_cidr_block_network_border_group": "",
            "ipv6_ipam_pool_id": "",
            "ipv6_netmask_length": 0,
            "main_route_table_id": "rtb-0681cd86e65a3df74",
            "owner_id": "779846794980",
            "tags": {
              "Name": "terraform-vpc"
            },
            "tags_all": {
              "Name": "terraform-vpc"
            }
          },
          "sensitive_attributes": [],
          "private": "eyJzY2hlbWFfdmVyc2lvbiI6IjEifQ==",
          "create_before_destroy": true
        }
      ]
    },
    {
      "mode": "managed",
      "type": "local_file",
      "name": "private_key",
      "provider": "provider[\"registry.terraform.io/hashicorp/local\"]",
      "instances": [
        {
          "schema_version": 0,
          "attributes": {
            "content": "-----BEGIN RSA PRIVATE KEY-----\nMIIEogIBAAKCAQEAyeTOGjfSbMfCPTogKvCojh684SF2LLIieI1Z0eP8cxsMGqm1\nke0LH3T9qQ0P4U3sMKYP8/R33pOg3m9kxY41xQ0cmZIUx0NaJZFfSCr4G+V+eQu3\nMypUln0vvpRgqic6MWCwMkDC86RxhHkZXI9O54touCiRFQXPlvPMD4nNsma4gSd9\nQVPi+x+G5tLo3lTcTIab5S3d9zhUitZkfTJs/DKvVNhRotbTi7gorIok9hIb2bwe\nTCWcvgbTxv0hpgD0eLGsjtL1yGhGqFCU5X4fDtsm22wnRDmgxORvm2hv7MrtxbKZ\n7f2b5gExBLjOKnG0Li9c3rfF9IsUJchsjcDJVQIDAQABAoIBAAuUexnX39LrdkGq\nxtOPsCtOqgjDsZKIuR9vBBrc18sGXyBcYZS4Iu4v+Kisnh+PJ5/2tm2ItSNoFk8L\n1pzaNk1SHjTUwypWu6Hx/6QVCtwWwrVQrbZalDV5graMriq0S0svv4tyWXw+D2DI\nzWKYua7gOSZu9TtedPS0kRzHC6xSy8OA1TuQC8NMhvw8fmjWAtC+x9P07EbZvtkn\nahiuHEJ0mylKL4d6QhX0NOnScLrP3ceNNac+Kj+Fe/cu6yOu0z6d5mrBqaX4spmb\nrn4GsqWOB7QC+zep2ET0eRPTAP4HMP3X0LC8nduLj62Ii4gEF6feaFVR7WVJMnZH\nkjK78FUCgYEAzMpd3X1eT/6jYQBRmMPoJ9ijGlFH/3Xha7F8hWPFYCbRIZcwz8cx\nVbaN5KJ1zbG66WDaMS+txja+/rWtkvHaCVAMOpx7qqrcAl/McnjyPRBve8GROOC9\n/V50eJBvp9W2l28mPEwFg+XJzzPNB8dEGeiQtL1zF+uR5DTEzKYtrE8CgYEA/GEB\nSEtC6tDhDsLsMOO1h+4GeODfHG0t7pOYcPhQUI7EZcV2ass/gK22orNtli1ZZ38D\nNvjuPG6lPJtulyz4NGhhizx//dfa0aUMm0JPOaAeoEUN21gJkelH/HiLWitcl+tM\nhEcZODPgzsZZjY0WVWwYAMA0FP4ax4G7MshOUxsCgYBr9xhrZ+fr9ow93IQoLMhd\nEXpTqpxxkr0oIKdMT6BEI9LHicTjFdntnVPLQNcofVXUKgp+Oeu8fypMcI201aqk\nlD4OPGd6P5/D5KuNgjP7e4m6zf745ItlY4G1+jfTXPlpduDKky2pLuEpSt8CBczi\nd9iqYOKnrrr4e9VxKv8TQwKBgGAzRb7d2UsShccPq+JS2f5PT65B4Sm/wDNhlUjy\njgK2+MvmQeYhRTpyfNx10n7dGGgn9Py+VGk6r8dzY+tCG/Y2F4BwdkU3Q1SIOk7w\nLqzDiQkEaWzDmRpCNstY051yS+Aos8j0JPvUYovO9ZHMRsgW5OtcWD3sQh7sJ4QK\n8DgjAoGAEGnZZPJK5Az9zXYFEXjNGx/6Z9GK2E+Gz7B94qn933IJRR42q51iJ09S\nNDqcD+wm700XWZpl9smugqq3RRITc353TRBbgn3Z9jpX2O/9ZjQrH04fuxdHmyfh\n8+5LA6Tdl98bacg7+kpl27YR5/MV/J/THn9H1Tv76TQKloOfWZ0=\n-----END RSA PRIVATE KEY-----\n",
            "content_base64": null,
            "content_base64sha256": "Li3ceFHHQaPJH99iHggxSeP3f+PyEEZZGr82jcGGQ8Y=",
            "content_base64sha512": "sc488vernRHnZy6T79k9r+KOzTQ2FCRUZYQ6BNEdozh+lSpAfsHNCUR2hYapiig0uvMVUmbNRfoXUBwGk+rB1Q==",
            "content_md5": "036abec624e22e064f0a8b7f12860bfa",
            "content_sha1": "836fca4270960d54ce0849d71acc9688fea7d663",
            "content_sha256": "2e2ddc7851c741a3c91fdf621e083149e3f77fe3f21046591abf368dc18643c6",
            "content_sha512": "b1ce3cf2f7ab9d11e7672e93efd93dafe28ecd343614245465843a04d11da3387e952a407ec1cd0944768586a98a2834baf3155266cd45fa17501c0693eac1d5",
            "directory_permission": "0777",
            "file_permission": "0777",
            "filename": "terraform-front-key.pem",
            "id": "836fca4270960d54ce0849d71acc9688fea7d663",
            "sensitive_content": null,
            "source": null
          },
          "sensitive_attributes": [
            [
              {
                "type": "get_attr",
                "value": "sensitive_content"
              }
            ],
            [
              {
                "type": "get_attr",
                "value": "content"
              }
            ]
          ],
          "dependencies": [
            "tls_private_key.terraform1"
          ]
        }
      ]
    },
    {
      "mode": "managed",
      "type": "local_file",
      "name": "private_key_back",
      "provider": "provider[\"registry.terraform.io/hashicorp/local\"]",
      "instances": [
        {
          "schema_version": 0,
          "attributes": {
            "content": "-----BEGIN RSA PRIVATE KEY-----\nMIIEowIBAAKCAQEAra3ZYs+DGlYhCZViuw68yljigD6UI4KAwp9KalxuzRZXEitP\n2tmy4JOaaLBlyEqDpIGsKIJvYD5cWdawv1bMpX0XaqWCi4Oko7HvnjWxAYtYIYSr\nAyBkjh9V1Uq7ArYliU2Ya2xmooDpSu3AUVLFXS6OOItJABMdnQLzIQj3iWtt/5FA\nFv1SGIAmvuuGYdT4XJMLKWa8fxBLx6CxzqAfXMQH+YnSwmZAOrgD0yn6bfIIHGKI\nsflfYpn9D91nNY6IksBsGqH65VROQplgB6tYMlaGfoY6gl37XgkkEsARcO2Swq9t\na3evUk2pLi5lULzKh2zVE3kKlftmwkZzPZA6/wIDAQABAoIBABWyQRTZ7XvNxKTI\n16OcjLMOdYUlzCW/eMxXT9mHoIPYRZpMdNZXGcR6S/DGEID75gQX+uS4nqc8Qxcp\n/bx5YGlP/ivhbzR0ho24fcGa3Xje6myNgTuLwWQLwBI8Gq6VCI1ldyP8T7n/NqWY\nm8zM9UDVvwiLRdxPhwSFSNAYqaut3kNw//LtwbPmneLD/F0H2uIPepDgMV3qB6Er\nGkBZtS6vALXkUlDv/I4TyjQge6GnYFAhTabCKZ/nEB4T3OlqmCpEEDuJ6wfTgewo\nWSIwbiFZEzzpHkcHXNJemX7mB0zbYkjX8G1HvDOlETJ8U1jA7CN+Cpr03yrLTU1Y\nzbVBSbkCgYEAzFFqecDF1sCKqQQl+GvWoyC6Rx3xbGuA7vevHZQfLGR4P0vMbMRd\n65CxZyQULEQRGf1zwdqtXEceVp69+l7J+6yTwJDMHUEZ3YRXTuwpwZpuWkUeO2tZ\ngL/LKKp9I8UtvE2zA0KFEvh6nsClq4DJ5Hdq69YN4VjMMWYLcK1c9IMCgYEA2Zxp\n5bOwcTEc3Zaw8bVygBM3hdbnB+dtSyOYyv9wDBEWLSZH+fsVcsY4QjGctSzhVnMv\nAqAk4e3HAg5QJIk8Yvi9vjfv3SYycYEOVrIUmwJfKiExXQyFuAH6MeTKMTc4KB/t\nVaP8igvst7QvlTmZQOriq5PM14MWYLXQKW3N7tUCgYACD4woYDZenSCI5d7QK55F\nlO3sC7REqKzrPBpLDRRnaTgBQ21zZ2OfHZ18cdO2QpV9kp3ZRbBb7ueybfVykgQt\ngqcW2R8F6IMvRcdvp1ggeMNGK85LQSDs+II/DcEnXDTC4nG8xa376/+onD7PhQQE\nRuQQLt+C91dP5DyXTVhTqwKBgQCaCAo5SmCpLn9lJgYngS0EFRYnCX/M63ZESnUb\ns4VnNS0CVmd6PcznygEGccGfyJ3UKIHtFNgmh71m6iS2R+HTmIgOPd/uJNxt1VEF\n8tV9B0e/NXGQkI2SOuwTJwQrpA9+72J6TTIzsM8lFUjdEsE0304E7wB+x84uNGOc\n/5lV5QKBgBSPNbxBSpzpnLzt2V5oWqFeDyJK+slVIxCDbNYd23h/cvCUMDGnebQc\nzVJLIVJACCYrIQCU+w/7ZY5mt7eiaBTLQytDCzSCQStJ6tbVvzW/RsBBomzTzvq3\nTq1c92TGiIyzbyiac31nkczh9xIp9umG0e6YIt42xkfWpEZn9LlB\n-----END RSA PRIVATE KEY-----\n",
            "content_base64": null,
            "content_base64sha256": "zChY5GcnBemTqc2AIgxjk85SsV8snHlLEkyd0vzW5CA=",
            "content_base64sha512": "i2zNuPaYAtQiHfSja6ZOR7Hn8PtVx4GlI5l5GWy3SA+Ldejla8hwI0DJppxC5Jk3gUHxjJnWklvx3emmxFQ1og==",
            "content_md5": "d581104faf359a6bf9a7c6f2bda323fc",
            "content_sha1": "2801018836dfc13d516baa1ce0cf5ed123eed55b",
            "content_sha256": "cc2858e4672705e993a9cd80220c6393ce52b15f2c9c794b124c9dd2fcd6e420",
            "content_sha512": "8b6ccdb8f69802d4221df4a36ba64e47b1e7f0fb55c781a5239979196cb7480f8b75e8e56bc8702340c9a69c42e499378141f18c99d6925bf1dde9a6c45435a2",
            "directory_permission": "0777",
            "file_permission": "0777",
            "filename": "terraform-back-key.pem",
            "id": "2801018836dfc13d516baa1ce0cf5ed123eed55b",
            "sensitive_content": null,
            "source": null
          },
          "sensitive_attributes": [
            [
              {
                "type": "get_attr",
                "value": "sensitive_content"
              }
            ],
            [
              {
                "type": "get_attr",
                "value": "content"
              }
            ]
          ],
          "dependencies": [
            "tls_private_key.terraform2"
          ]
        }
      ]
    },
    {
      "mode": "managed",
      "type": "local_file",
      "name": "private_key_data",
      "provider": "provider[\"registry.terraform.io/hashicorp/local\"]",
      "instances": [
        {
          "schema_version": 0,
          "attributes": {
            "content": "-----BEGIN RSA PRIVATE KEY-----\nMIIEpAIBAAKCAQEAsDhJlFxC9Qex5t3upF75sY400Y0B+Me/eCmUxQv/oaKEaEQG\nm9Q21dLSSde7r0Za69vEuLlLungwQcPEqrv9dAHBdXtRmNOST0yTDm4yDgXnK+/p\nhcfZulmcTmYw7f/USzTQfSrb6cGP7qHulIaE0DoIHXnN+X90bPGXWCpK79rl+B6+\ncQj8xNZu0QJEoNd136CCKjw4AZK/SOcdIKO6ICjy4Zph4JBSUyj2R+pZX8Zj7Mow\nsQjNRPn/kS8FEUuEP0g94ax5mKtRpQGEuQ4xG67BuUT+RiussMHT+LyF1ksfJXQ/\n0VUhq9OQuhsYSNmhdYmMavQcdynTRfcB9HxBLwIDAQABAoIBAQCOwRqCUHeBjnlF\nAHbJu5LljsElHOkDA7YNfwng0waEh2ZiHPGJnVHKyF3IqjaGGCWhukhUKO+7IJBf\nRlt0wJPjPWTeakdA2exFx0++OfDcwVVzl4gC81JjjyJ7tHdg5oWxYxievXCnnkGe\nXJoswginsstOLZV50BGeC9zB9Ij+YmqnksxQiVLiwy5uev+SD1KIKCc1duJAqznq\nRQI7uK9e3UlxmFTJasfBStf0a2lHBYdbJRLBArR3WIXwYEwz2RfEfSWpUXrIxcKq\n8W5JVJ4HtzSXFvtQizytsc/vroHpYlj6y5WDU+91qCvdL9gd3H4S5qhR4e0zBRq6\nKxsdIpERAoGBAMnydkVlQ5pvjfXKPbsTouE4EdMXN35k1464ABO7aunm1qco/53x\nabCNDYyQVQCIX24dERjh5kjK+Yx0JQ72aNdj/RMJeFrMdZ1T0+ovfCzKC6v7SLVn\n6RCpj5vnGqnLbicsG02e9/mqgIDI7VOIn82u/9WywIHxMhLoj0cDo1t3AoGBAN9i\n+qmu1xGfpDVqTeiP7OtfzxGvJsTjVNAcaQwj7wS3pv73bifyVeBMmM42zsXKVfOV\n1EAf7HiiOyLAgV0OkaFjJr3vRVuux29P600h5lhzMQuYbMSolvVEfC8fMbQx15wY\nvrh71UpUWZHAQdEMVPwL1bwjArCUOEoBRNodAMYJAoGAWeW7TI0VmQwLz9yluj+1\nhDinhqaRJ4zQgFHchuwpXdJKv8L6d17eQ5+m5mnhzQjoImaCE+eL0d+5UxLo5E5A\nwZFbOTw//XuC5/RHI7rbtjyDEZ4c8dQ95hL1QNuR/P/4GywBQ35+uP9zkODg9Qye\nxrseXAzksXOjbNNl5KDz+WUCgYBCHMUa2wgDyz+KH4AXSCFSN/TMww2yT6WWQhJE\n6Y2f08q0wv3zDKGl1IWU4lun5g4yHTHIGKqfuUPPMTIYHGu1W+bnZ50bWUrlAr4d\nAd9uZgkp6V6nhU3IIRCv0YegUPAC3r/zUZL6gKRRopjYCdJNFiOXnrT5FaTjIiUC\neHr2IQKBgQCtHv+cRoMHkIQiGjXtWOrt9dpD3kK8pfux6Yps2wf0oTMT7fJ+l99X\n8KUOUyMen+idCF2sq54wUlOjaqkb+jKU5L5Nceot/rbbhennjglLiKEnIxH/miCA\nVuSsnCtx2cgkN8r86Cbs3KTTL13GaEpC60Ss2C/dl2l6zyTdTEviXA==\n-----END RSA PRIVATE KEY-----\n",
            "content_base64": null,
            "content_base64sha256": "9EM42vxp7jNtbRCiPYZe2KSi8QJNu9xXZ8foI1B+I50=",
            "content_base64sha512": "M3U/u6jcnJ8UyGHP3jRXOmRzzUFvpIgqtvQyXdpA/C5Ow6hc77yNrvzEA4TPW9GimRWWxMcPOwmtavhoH/zzWA==",
            "content_md5": "50ec67478611f7348831595a8eae61c3",
            "content_sha1": "ef0d30b601cb4602b01d5f3628f5605e2606dff3",
            "content_sha256": "f44338dafc69ee336d6d10a23d865ed8a4a2f1024dbbdc5767c7e823507e239d",
            "content_sha512": "33753fbba8dc9c9f14c861cfde34573a6473cd416fa4882ab6f4325dda40fc2e4ec3a85cefbc8daefcc40384cf5bd1a2991596c4c70f3b09ad6af8681ffcf358",
            "directory_permission": "0777",
            "file_permission": "0777",
            "filename": "terraform-data-key.pem",
            "id": "ef0d30b601cb4602b01d5f3628f5605e2606dff3",
            "sensitive_content": null,
            "source": null
          },
          "sensitive_attributes": [
            [
              {
                "type": "get_attr",
                "value": "sensitive_content"
              }
            ],
            [
              {
                "type": "get_attr",
                "value": "content"
              }
            ]
          ],
          "dependencies": [
            "tls_private_key.terraform3"
          ]
        }
      ]
    },
    {
      "mode": "managed",
      "type": "tls_private_key",
      "name": "terraform1",
      "provider": "provider[\"registry.terraform.io/hashicorp/tls\"]",
      "instances": [
        {
          "schema_version": 1,
          "attributes": {
            "algorithm": "RSA",
            "ecdsa_curve": "P224",
            "id": "2c393fc2c0626deaff466efcb63fcf69af0c1fb3",
            "private_key_openssh": "-----BEGIN OPENSSH PRIVATE KEY-----\nb3BlbnNzaC1rZXktdjEAAAAABG5vbmUAAAAEbm9uZQAAAAAAAAABAAABFwAAAAdz\nc2gtcnNhAAAAAwEAAQAAAQEAyeTOGjfSbMfCPTogKvCojh684SF2LLIieI1Z0eP8\ncxsMGqm1ke0LH3T9qQ0P4U3sMKYP8/R33pOg3m9kxY41xQ0cmZIUx0NaJZFfSCr4\nG+V+eQu3MypUln0vvpRgqic6MWCwMkDC86RxhHkZXI9O54touCiRFQXPlvPMD4nN\nsma4gSd9QVPi+x+G5tLo3lTcTIab5S3d9zhUitZkfTJs/DKvVNhRotbTi7gorIok\n9hIb2bweTCWcvgbTxv0hpgD0eLGsjtL1yGhGqFCU5X4fDtsm22wnRDmgxORvm2hv\n7MrtxbKZ7f2b5gExBLjOKnG0Li9c3rfF9IsUJchsjcDJVQAAA7gdWYdNHVmHTQAA\nAAdzc2gtcnNhAAABAQDJ5M4aN9Jsx8I9OiAq8KiOHrzhIXYssiJ4jVnR4/xzGwwa\nqbWR7QsfdP2pDQ/hTewwpg/z9Hfek6Deb2TFjjXFDRyZkhTHQ1olkV9IKvgb5X55\nC7czKlSWfS++lGCqJzoxYLAyQMLzpHGEeRlcj07ni2i4KJEVBc+W88wPic2yZriB\nJ31BU+L7H4bm0ujeVNxMhpvlLd33OFSK1mR9Mmz8Mq9U2FGi1tOLuCisiiT2EhvZ\nvB5MJZy+BtPG/SGmAPR4sayO0vXIaEaoUJTlfh8O2ybbbCdEOaDE5G+baG/syu3F\nspnt/ZvmATEEuM4qcbQuL1zet8X0ixQlyGyNwMlVAAAAAwEAAQAAAQALlHsZ19/S\n63ZBqsbTj7ArTqoIw7GSiLkfbwQa3NfLBl8gXGGUuCLuL/iorJ4fjyef9rZtiLUj\naBZPC9ac2jZNUh401MMqVruh8f+kFQrcFsK1UK22WpQ1eYK2jK4qtEtLL7+Lcll8\nPg9gyM1imLmu4DkmbvU7XnT0tJEcxwusUsvDgNU7kAvDTIb8PH5o1gLQvsfT9OxG\n2b7ZJ2oYrhxCdJspSi+HekIV9DTp0nC6z93HjTWnPio/hXv3LusjrtM+neZqwaml\n+LKZm65+BrKljge0Avs3qdhE9HkT0wD+BzD919CwvJ3bi4+tiIuIBBen3mhVUe1l\nSTJ2R5Iyu/BVAAAAgBBp2WTySuQM/c12BRF4zRsf+mfRithPhs+wfeKp/d9yCUUe\nNqudYidPUjQ6nA/sJu9NF1maZfbJroKqt0USE3N+d00QW4J92fY6V9jv/WY0Kx9O\nH7sXR5sn4fPuSwOk3ZffG2nIO/pKZdu2EefzFfyf0x5/R9U7++k0CpaDn1mdAAAA\ngQDMyl3dfV5P/qNhAFGYw+gn2KMaUUf/deFrsXyFY8VgJtEhlzDPxzFVto3konXN\nsbrpYNoxL63GNr7+ta2S8doJUAw6nHuqqtwCX8xyePI9EG97wZE44L39XnR4kG+n\n1baXbyY8TAWD5cnPM80Hx0QZ6JC0vXMX65HkNMTMpi2sTwAAAIEA/GEBSEtC6tDh\nDsLsMOO1h+4GeODfHG0t7pOYcPhQUI7EZcV2ass/gK22orNtli1ZZ38DNvjuPG6l\nPJtulyz4NGhhizx//dfa0aUMm0JPOaAeoEUN21gJkelH/HiLWitcl+tMhEcZODPg\nzsZZjY0WVWwYAMA0FP4ax4G7MshOUxsAAAAAAQID\n-----END OPENSSH PRIVATE KEY-----\n",
            "private_key_pem": "-----BEGIN RSA PRIVATE KEY-----\nMIIEogIBAAKCAQEAyeTOGjfSbMfCPTogKvCojh684SF2LLIieI1Z0eP8cxsMGqm1\nke0LH3T9qQ0P4U3sMKYP8/R33pOg3m9kxY41xQ0cmZIUx0NaJZFfSCr4G+V+eQu3\nMypUln0vvpRgqic6MWCwMkDC86RxhHkZXI9O54touCiRFQXPlvPMD4nNsma4gSd9\nQVPi+x+G5tLo3lTcTIab5S3d9zhUitZkfTJs/DKvVNhRotbTi7gorIok9hIb2bwe\nTCWcvgbTxv0hpgD0eLGsjtL1yGhGqFCU5X4fDtsm22wnRDmgxORvm2hv7MrtxbKZ\n7f2b5gExBLjOKnG0Li9c3rfF9IsUJchsjcDJVQIDAQABAoIBAAuUexnX39LrdkGq\nxtOPsCtOqgjDsZKIuR9vBBrc18sGXyBcYZS4Iu4v+Kisnh+PJ5/2tm2ItSNoFk8L\n1pzaNk1SHjTUwypWu6Hx/6QVCtwWwrVQrbZalDV5graMriq0S0svv4tyWXw+D2DI\nzWKYua7gOSZu9TtedPS0kRzHC6xSy8OA1TuQC8NMhvw8fmjWAtC+x9P07EbZvtkn\nahiuHEJ0mylKL4d6QhX0NOnScLrP3ceNNac+Kj+Fe/cu6yOu0z6d5mrBqaX4spmb\nrn4GsqWOB7QC+zep2ET0eRPTAP4HMP3X0LC8nduLj62Ii4gEF6feaFVR7WVJMnZH\nkjK78FUCgYEAzMpd3X1eT/6jYQBRmMPoJ9ijGlFH/3Xha7F8hWPFYCbRIZcwz8cx\nVbaN5KJ1zbG66WDaMS+txja+/rWtkvHaCVAMOpx7qqrcAl/McnjyPRBve8GROOC9\n/V50eJBvp9W2l28mPEwFg+XJzzPNB8dEGeiQtL1zF+uR5DTEzKYtrE8CgYEA/GEB\nSEtC6tDhDsLsMOO1h+4GeODfHG0t7pOYcPhQUI7EZcV2ass/gK22orNtli1ZZ38D\nNvjuPG6lPJtulyz4NGhhizx//dfa0aUMm0JPOaAeoEUN21gJkelH/HiLWitcl+tM\nhEcZODPgzsZZjY0WVWwYAMA0FP4ax4G7MshOUxsCgYBr9xhrZ+fr9ow93IQoLMhd\nEXpTqpxxkr0oIKdMT6BEI9LHicTjFdntnVPLQNcofVXUKgp+Oeu8fypMcI201aqk\nlD4OPGd6P5/D5KuNgjP7e4m6zf745ItlY4G1+jfTXPlpduDKky2pLuEpSt8CBczi\nd9iqYOKnrrr4e9VxKv8TQwKBgGAzRb7d2UsShccPq+JS2f5PT65B4Sm/wDNhlUjy\njgK2+MvmQeYhRTpyfNx10n7dGGgn9Py+VGk6r8dzY+tCG/Y2F4BwdkU3Q1SIOk7w\nLqzDiQkEaWzDmRpCNstY051yS+Aos8j0JPvUYovO9ZHMRsgW5OtcWD3sQh7sJ4QK\n8DgjAoGAEGnZZPJK5Az9zXYFEXjNGx/6Z9GK2E+Gz7B94qn933IJRR42q51iJ09S\nNDqcD+wm700XWZpl9smugqq3RRITc353TRBbgn3Z9jpX2O/9ZjQrH04fuxdHmyfh\n8+5LA6Tdl98bacg7+kpl27YR5/MV/J/THn9H1Tv76TQKloOfWZ0=\n-----END RSA PRIVATE KEY-----\n",
            "private_key_pem_pkcs8": "-----BEGIN PRIVATE KEY-----\nMIIEvAIBADANBgkqhkiG9w0BAQEFAASCBKYwggSiAgEAAoIBAQDJ5M4aN9Jsx8I9\nOiAq8KiOHrzhIXYssiJ4jVnR4/xzGwwaqbWR7QsfdP2pDQ/hTewwpg/z9Hfek6De\nb2TFjjXFDRyZkhTHQ1olkV9IKvgb5X55C7czKlSWfS++lGCqJzoxYLAyQMLzpHGE\neRlcj07ni2i4KJEVBc+W88wPic2yZriBJ31BU+L7H4bm0ujeVNxMhpvlLd33OFSK\n1mR9Mmz8Mq9U2FGi1tOLuCisiiT2EhvZvB5MJZy+BtPG/SGmAPR4sayO0vXIaEao\nUJTlfh8O2ybbbCdEOaDE5G+baG/syu3Fspnt/ZvmATEEuM4qcbQuL1zet8X0ixQl\nyGyNwMlVAgMBAAECggEAC5R7Gdff0ut2QarG04+wK06qCMOxkoi5H28EGtzXywZf\nIFxhlLgi7i/4qKyeH48nn/a2bYi1I2gWTwvWnNo2TVIeNNTDKla7ofH/pBUK3BbC\ntVCttlqUNXmCtoyuKrRLSy+/i3JZfD4PYMjNYpi5ruA5Jm71O1509LSRHMcLrFLL\nw4DVO5ALw0yG/Dx+aNYC0L7H0/TsRtm+2SdqGK4cQnSbKUovh3pCFfQ06dJwus/d\nx401pz4qP4V79y7rI67TPp3masGppfiymZuufgaypY4HtAL7N6nYRPR5E9MA/gcw\n/dfQsLyd24uPrYiLiAQXp95oVVHtZUkydkeSMrvwVQKBgQDMyl3dfV5P/qNhAFGY\nw+gn2KMaUUf/deFrsXyFY8VgJtEhlzDPxzFVto3konXNsbrpYNoxL63GNr7+ta2S\n8doJUAw6nHuqqtwCX8xyePI9EG97wZE44L39XnR4kG+n1baXbyY8TAWD5cnPM80H\nx0QZ6JC0vXMX65HkNMTMpi2sTwKBgQD8YQFIS0Lq0OEOwuww47WH7gZ44N8cbS3u\nk5hw+FBQjsRlxXZqyz+Arbais22WLVlnfwM2+O48bqU8m26XLPg0aGGLPH/919rR\npQybQk85oB6gRQ3bWAmR6Uf8eItaK1yX60yERxk4M+DOxlmNjRZVbBgAwDQU/hrH\ngbsyyE5TGwKBgGv3GGtn5+v2jD3chCgsyF0RelOqnHGSvSggp0xPoEQj0seJxOMV\n2e2dU8tA1yh9VdQqCn4567x/KkxwjbTVqqSUPg48Z3o/n8Pkq42CM/t7ibrN/vjk\ni2VjgbX6N9Nc+Wl24MqTLaku4SlK3wIFzOJ32Kpg4qeuuvh71XEq/xNDAoGAYDNF\nvt3ZSxKFxw+r4lLZ/k9PrkHhKb/AM2GVSPKOArb4y+ZB5iFFOnJ83HXSft0YaCf0\n/L5UaTqvx3Nj60Ib9jYXgHB2RTdDVIg6TvAurMOJCQRpbMOZGkI2y1jTnXJL4Ciz\nyPQk+9Rii871kcxGyBbk61xYPexCHuwnhArwOCMCgYAQadlk8krkDP3NdgUReM0b\nH/pn0YrYT4bPsH3iqf3fcglFHjarnWInT1I0OpwP7CbvTRdZmmX2ya6CqrdFEhNz\nfndNEFuCfdn2OlfY7/1mNCsfTh+7F0ebJ+Hz7ksDpN2X3xtpyDv6SmXbthHn8xX8\nn9Mef0fVO/vpNAqWg59ZnQ==\n-----END PRIVATE KEY-----\n",
            "public_key_fingerprint_md5": "50:dc:89:af:cc:09:cd:83:e4:c6:83:64:5b:06:72:29",
            "public_key_fingerprint_sha256": "SHA256:rEM1nZhFPU9BTFVIdzqjohWfHywjKg0duy02lbVd1Wk",
            "public_key_openssh": "ssh-rsa AAAAB3NzaC1yc2EAAAADAQABAAABAQDJ5M4aN9Jsx8I9OiAq8KiOHrzhIXYssiJ4jVnR4/xzGwwaqbWR7QsfdP2pDQ/hTewwpg/z9Hfek6Deb2TFjjXFDRyZkhTHQ1olkV9IKvgb5X55C7czKlSWfS++lGCqJzoxYLAyQMLzpHGEeRlcj07ni2i4KJEVBc+W88wPic2yZriBJ31BU+L7H4bm0ujeVNxMhpvlLd33OFSK1mR9Mmz8Mq9U2FGi1tOLuCisiiT2EhvZvB5MJZy+BtPG/SGmAPR4sayO0vXIaEaoUJTlfh8O2ybbbCdEOaDE5G+baG/syu3Fspnt/ZvmATEEuM4qcbQuL1zet8X0ixQlyGyNwMlV\n",
            "public_key_pem": "-----BEGIN PUBLIC KEY-----\nMIIBIjANBgkqhkiG9w0BAQEFAAOCAQ8AMIIBCgKCAQEAyeTOGjfSbMfCPTogKvCo\njh684SF2LLIieI1Z0eP8cxsMGqm1ke0LH3T9qQ0P4U3sMKYP8/R33pOg3m9kxY41\nxQ0cmZIUx0NaJZFfSCr4G+V+eQu3MypUln0vvpRgqic6MWCwMkDC86RxhHkZXI9O\n54touCiRFQXPlvPMD4nNsma4gSd9QVPi+x+G5tLo3lTcTIab5S3d9zhUitZkfTJs\n/DKvVNhRotbTi7gorIok9hIb2bweTCWcvgbTxv0hpgD0eLGsjtL1yGhGqFCU5X4f\nDtsm22wnRDmgxORvm2hv7MrtxbKZ7f2b5gExBLjOKnG0Li9c3rfF9IsUJchsjcDJ\nVQIDAQAB\n-----END PUBLIC KEY-----\n",
            "rsa_bits": 2048
          },
          "sensitive_attributes": [
            [
              {
                "type": "get_attr",
                "value": "private_key_openssh"
              }
            ],
            [
              {
                "type": "get_attr",
                "value": "private_key_pem_pkcs8"
              }
            ],
            [
              {
                "type": "get_attr",
                "value": "private_key_pem"
              }
            ]
          ]
        }
      ]
    },
    {
      "mode": "managed",
      "type": "tls_private_key",
      "name": "terraform2",
      "provider": "provider[\"registry.terraform.io/hashicorp/tls\"]",
      "instances": [
        {
          "schema_version": 1,
          "attributes": {
            "algorithm": "RSA",
            "ecdsa_curve": "P224",
            "id": "cb7b511e524e184e631a3ce479932034ab60803d",
            "private_key_openssh": "-----BEGIN OPENSSH PRIVATE KEY-----\nb3BlbnNzaC1rZXktdjEAAAAABG5vbmUAAAAEbm9uZQAAAAAAAAABAAABFwAAAAdz\nc2gtcnNhAAAAAwEAAQAAAQEAra3ZYs+DGlYhCZViuw68yljigD6UI4KAwp9Kalxu\nzRZXEitP2tmy4JOaaLBlyEqDpIGsKIJvYD5cWdawv1bMpX0XaqWCi4Oko7HvnjWx\nAYtYIYSrAyBkjh9V1Uq7ArYliU2Ya2xmooDpSu3AUVLFXS6OOItJABMdnQLzIQj3\niWtt/5FAFv1SGIAmvuuGYdT4XJMLKWa8fxBLx6CxzqAfXMQH+YnSwmZAOrgD0yn6\nbfIIHGKIsflfYpn9D91nNY6IksBsGqH65VROQplgB6tYMlaGfoY6gl37XgkkEsAR\ncO2Swq9ta3evUk2pLi5lULzKh2zVE3kKlftmwkZzPZA6/wAAA7grYUYQK2FGEAAA\nAAdzc2gtcnNhAAABAQCtrdliz4MaViEJlWK7DrzKWOKAPpQjgoDCn0pqXG7NFlcS\nK0/a2bLgk5posGXISoOkgawogm9gPlxZ1rC/VsylfRdqpYKLg6Sjse+eNbEBi1gh\nhKsDIGSOH1XVSrsCtiWJTZhrbGaigOlK7cBRUsVdLo44i0kAEx2dAvMhCPeJa23/\nkUAW/VIYgCa+64Zh1PhckwspZrx/EEvHoLHOoB9cxAf5idLCZkA6uAPTKfpt8ggc\nYoix+V9imf0P3Wc1joiSwGwaofrlVE5CmWAHq1gyVoZ+hjqCXfteCSQSwBFw7ZLC\nr21rd69STakuLmVQvMqHbNUTeQqV+2bCRnM9kDr/AAAAAwEAAQAAAQAVskEU2e17\nzcSkyNejnIyzDnWFJcwlv3jMV0/Zh6CD2EWaTHTWVxnEekvwxhCA++YEF/rkuJ6n\nPEMXKf28eWBpT/4r4W80dIaNuH3Bmt143upsjYE7i8FkC8ASPBqulQiNZXcj/E+5\n/zalmJvMzPVA1b8Ii0XcT4cEhUjQGKmrrd5DcP/y7cGz5p3iw/xdB9riD3qQ4DFd\n6gehKxpAWbUurwC15FJQ7/yOE8o0IHuhp2BQIU2mwimf5xAeE9zpapgqRBA7iesH\n04HsKFkiMG4hWRM86R5HB1zSXpl+5gdM22JI1/BtR7wzpREyfFNYwOwjfgqa9N8q\ny01NWM21QUm5AAAAgBSPNbxBSpzpnLzt2V5oWqFeDyJK+slVIxCDbNYd23h/cvCU\nMDGnebQczVJLIVJACCYrIQCU+w/7ZY5mt7eiaBTLQytDCzSCQStJ6tbVvzW/RsBB\nomzTzvq3Tq1c92TGiIyzbyiac31nkczh9xIp9umG0e6YIt42xkfWpEZn9LlBAAAA\ngQDMUWp5wMXWwIqpBCX4a9ajILpHHfFsa4Du968dlB8sZHg/S8xsxF3rkLFnJBQs\nRBEZ/XPB2q1cRx5Wnr36Xsn7rJPAkMwdQRndhFdO7CnBmm5aRR47a1mAv8soqn0j\nxS28TbMDQoUS+HqewKWrgMnkd2rr1g3hWMwxZgtwrVz0gwAAAIEA2Zxp5bOwcTEc\n3Zaw8bVygBM3hdbnB+dtSyOYyv9wDBEWLSZH+fsVcsY4QjGctSzhVnMvAqAk4e3H\nAg5QJIk8Yvi9vjfv3SYycYEOVrIUmwJfKiExXQyFuAH6MeTKMTc4KB/tVaP8igvs\nt7QvlTmZQOriq5PM14MWYLXQKW3N7tUAAAAAAQID\n-----END OPENSSH PRIVATE KEY-----\n",
            "private_key_pem": "-----BEGIN RSA PRIVATE KEY-----\nMIIEowIBAAKCAQEAra3ZYs+DGlYhCZViuw68yljigD6UI4KAwp9KalxuzRZXEitP\n2tmy4JOaaLBlyEqDpIGsKIJvYD5cWdawv1bMpX0XaqWCi4Oko7HvnjWxAYtYIYSr\nAyBkjh9V1Uq7ArYliU2Ya2xmooDpSu3AUVLFXS6OOItJABMdnQLzIQj3iWtt/5FA\nFv1SGIAmvuuGYdT4XJMLKWa8fxBLx6CxzqAfXMQH+YnSwmZAOrgD0yn6bfIIHGKI\nsflfYpn9D91nNY6IksBsGqH65VROQplgB6tYMlaGfoY6gl37XgkkEsARcO2Swq9t\na3evUk2pLi5lULzKh2zVE3kKlftmwkZzPZA6/wIDAQABAoIBABWyQRTZ7XvNxKTI\n16OcjLMOdYUlzCW/eMxXT9mHoIPYRZpMdNZXGcR6S/DGEID75gQX+uS4nqc8Qxcp\n/bx5YGlP/ivhbzR0ho24fcGa3Xje6myNgTuLwWQLwBI8Gq6VCI1ldyP8T7n/NqWY\nm8zM9UDVvwiLRdxPhwSFSNAYqaut3kNw//LtwbPmneLD/F0H2uIPepDgMV3qB6Er\nGkBZtS6vALXkUlDv/I4TyjQge6GnYFAhTabCKZ/nEB4T3OlqmCpEEDuJ6wfTgewo\nWSIwbiFZEzzpHkcHXNJemX7mB0zbYkjX8G1HvDOlETJ8U1jA7CN+Cpr03yrLTU1Y\nzbVBSbkCgYEAzFFqecDF1sCKqQQl+GvWoyC6Rx3xbGuA7vevHZQfLGR4P0vMbMRd\n65CxZyQULEQRGf1zwdqtXEceVp69+l7J+6yTwJDMHUEZ3YRXTuwpwZpuWkUeO2tZ\ngL/LKKp9I8UtvE2zA0KFEvh6nsClq4DJ5Hdq69YN4VjMMWYLcK1c9IMCgYEA2Zxp\n5bOwcTEc3Zaw8bVygBM3hdbnB+dtSyOYyv9wDBEWLSZH+fsVcsY4QjGctSzhVnMv\nAqAk4e3HAg5QJIk8Yvi9vjfv3SYycYEOVrIUmwJfKiExXQyFuAH6MeTKMTc4KB/t\nVaP8igvst7QvlTmZQOriq5PM14MWYLXQKW3N7tUCgYACD4woYDZenSCI5d7QK55F\nlO3sC7REqKzrPBpLDRRnaTgBQ21zZ2OfHZ18cdO2QpV9kp3ZRbBb7ueybfVykgQt\ngqcW2R8F6IMvRcdvp1ggeMNGK85LQSDs+II/DcEnXDTC4nG8xa376/+onD7PhQQE\nRuQQLt+C91dP5DyXTVhTqwKBgQCaCAo5SmCpLn9lJgYngS0EFRYnCX/M63ZESnUb\ns4VnNS0CVmd6PcznygEGccGfyJ3UKIHtFNgmh71m6iS2R+HTmIgOPd/uJNxt1VEF\n8tV9B0e/NXGQkI2SOuwTJwQrpA9+72J6TTIzsM8lFUjdEsE0304E7wB+x84uNGOc\n/5lV5QKBgBSPNbxBSpzpnLzt2V5oWqFeDyJK+slVIxCDbNYd23h/cvCUMDGnebQc\nzVJLIVJACCYrIQCU+w/7ZY5mt7eiaBTLQytDCzSCQStJ6tbVvzW/RsBBomzTzvq3\nTq1c92TGiIyzbyiac31nkczh9xIp9umG0e6YIt42xkfWpEZn9LlB\n-----END RSA PRIVATE KEY-----\n",
            "private_key_pem_pkcs8": "-----BEGIN PRIVATE KEY-----\nMIIEvQIBADANBgkqhkiG9w0BAQEFAASCBKcwggSjAgEAAoIBAQCtrdliz4MaViEJ\nlWK7DrzKWOKAPpQjgoDCn0pqXG7NFlcSK0/a2bLgk5posGXISoOkgawogm9gPlxZ\n1rC/VsylfRdqpYKLg6Sjse+eNbEBi1ghhKsDIGSOH1XVSrsCtiWJTZhrbGaigOlK\n7cBRUsVdLo44i0kAEx2dAvMhCPeJa23/kUAW/VIYgCa+64Zh1PhckwspZrx/EEvH\noLHOoB9cxAf5idLCZkA6uAPTKfpt8ggcYoix+V9imf0P3Wc1joiSwGwaofrlVE5C\nmWAHq1gyVoZ+hjqCXfteCSQSwBFw7ZLCr21rd69STakuLmVQvMqHbNUTeQqV+2bC\nRnM9kDr/AgMBAAECggEAFbJBFNnte83EpMjXo5yMsw51hSXMJb94zFdP2Yegg9hF\nmkx01lcZxHpL8MYQgPvmBBf65LiepzxDFyn9vHlgaU/+K+FvNHSGjbh9wZrdeN7q\nbI2BO4vBZAvAEjwarpUIjWV3I/xPuf82pZibzMz1QNW/CItF3E+HBIVI0Bipq63e\nQ3D/8u3Bs+ad4sP8XQfa4g96kOAxXeoHoSsaQFm1Lq8AteRSUO/8jhPKNCB7oadg\nUCFNpsIpn+cQHhPc6WqYKkQQO4nrB9OB7ChZIjBuIVkTPOkeRwdc0l6ZfuYHTNti\nSNfwbUe8M6URMnxTWMDsI34KmvTfKstNTVjNtUFJuQKBgQDMUWp5wMXWwIqpBCX4\na9ajILpHHfFsa4Du968dlB8sZHg/S8xsxF3rkLFnJBQsRBEZ/XPB2q1cRx5Wnr36\nXsn7rJPAkMwdQRndhFdO7CnBmm5aRR47a1mAv8soqn0jxS28TbMDQoUS+HqewKWr\ngMnkd2rr1g3hWMwxZgtwrVz0gwKBgQDZnGnls7BxMRzdlrDxtXKAEzeF1ucH521L\nI5jK/3AMERYtJkf5+xVyxjhCMZy1LOFWcy8CoCTh7ccCDlAkiTxi+L2+N+/dJjJx\ngQ5WshSbAl8qITFdDIW4Afox5MoxNzgoH+1Vo/yKC+y3tC+VOZlA6uKrk8zXgxZg\ntdApbc3u1QKBgAIPjChgNl6dIIjl3tArnkWU7ewLtESorOs8GksNFGdpOAFDbXNn\nY58dnXxx07ZClX2SndlFsFvu57Jt9XKSBC2CpxbZHwXogy9Fx2+nWCB4w0YrzktB\nIOz4gj8NwSdcNMLicbzFrfvr/6icPs+FBARG5BAu34L3V0/kPJdNWFOrAoGBAJoI\nCjlKYKkuf2UmBieBLQQVFicJf8zrdkRKdRuzhWc1LQJWZ3o9zOfKAQZxwZ/IndQo\nge0U2CaHvWbqJLZH4dOYiA493+4k3G3VUQXy1X0HR781cZCQjZI67BMnBCukD37v\nYnpNMjOwzyUVSN0SwTTfTgTvAH7Hzi40Y5z/mVXlAoGAFI81vEFKnOmcvO3ZXmha\noV4PIkr6yVUjEINs1h3beH9y8JQwMad5tBzNUkshUkAIJishAJT7D/tljma3t6Jo\nFMtDK0MLNIJBK0nq1tW/Nb9GwEGibNPO+rdOrVz3ZMaIjLNvKJpzfWeRzOH3Ein2\n6YbR7pgi3jbGR9akRmf0uUE=\n-----END PRIVATE KEY-----\n",
            "public_key_fingerprint_md5": "e1:cc:2c:ee:1d:d5:c0:8b:77:ef:2e:15:13:b9:f4:0d",
            "public_key_fingerprint_sha256": "SHA256:MwSEgbfAu7nFp3CtSSOIIwsXzZDmkfj6bH8iG/IZo0U",
            "public_key_openssh": "ssh-rsa AAAAB3NzaC1yc2EAAAADAQABAAABAQCtrdliz4MaViEJlWK7DrzKWOKAPpQjgoDCn0pqXG7NFlcSK0/a2bLgk5posGXISoOkgawogm9gPlxZ1rC/VsylfRdqpYKLg6Sjse+eNbEBi1ghhKsDIGSOH1XVSrsCtiWJTZhrbGaigOlK7cBRUsVdLo44i0kAEx2dAvMhCPeJa23/kUAW/VIYgCa+64Zh1PhckwspZrx/EEvHoLHOoB9cxAf5idLCZkA6uAPTKfpt8ggcYoix+V9imf0P3Wc1joiSwGwaofrlVE5CmWAHq1gyVoZ+hjqCXfteCSQSwBFw7ZLCr21rd69STakuLmVQvMqHbNUTeQqV+2bCRnM9kDr/\n",
            "public_key_pem": "-----BEGIN PUBLIC KEY-----\nMIIBIjANBgkqhkiG9w0BAQEFAAOCAQ8AMIIBCgKCAQEAra3ZYs+DGlYhCZViuw68\nyljigD6UI4KAwp9KalxuzRZXEitP2tmy4JOaaLBlyEqDpIGsKIJvYD5cWdawv1bM\npX0XaqWCi4Oko7HvnjWxAYtYIYSrAyBkjh9V1Uq7ArYliU2Ya2xmooDpSu3AUVLF\nXS6OOItJABMdnQLzIQj3iWtt/5FAFv1SGIAmvuuGYdT4XJMLKWa8fxBLx6CxzqAf\nXMQH+YnSwmZAOrgD0yn6bfIIHGKIsflfYpn9D91nNY6IksBsGqH65VROQplgB6tY\nMlaGfoY6gl37XgkkEsARcO2Swq9ta3evUk2pLi5lULzKh2zVE3kKlftmwkZzPZA6\n/wIDAQAB\n-----END PUBLIC KEY-----\n",
            "rsa_bits": 2048
          },
          "sensitive_attributes": [
            [
              {
                "type": "get_attr",
                "value": "private_key_pem"
              }
            ],
            [
              {
                "type": "get_attr",
                "value": "private_key_openssh"
              }
            ],
            [
              {
                "type": "get_attr",
                "value": "private_key_pem_pkcs8"
              }
            ]
          ]
        }
      ]
    },
    {
      "mode": "managed",
      "type": "tls_private_key",
      "name": "terraform3",
      "provider": "provider[\"registry.terraform.io/hashicorp/tls\"]",
      "instances": [
        {
          "schema_version": 1,
          "attributes": {
            "algorithm": "RSA",
            "ecdsa_curve": "P224",
            "id": "3ee12ce123c9baac3ba50517a5bba8cae89c5d8e",
            "private_key_openssh": "-----BEGIN OPENSSH PRIVATE KEY-----\nb3BlbnNzaC1rZXktdjEAAAAABG5vbmUAAAAEbm9uZQAAAAAAAAABAAABFwAAAAdz\nc2gtcnNhAAAAAwEAAQAAAQEAsDhJlFxC9Qex5t3upF75sY400Y0B+Me/eCmUxQv/\noaKEaEQGm9Q21dLSSde7r0Za69vEuLlLungwQcPEqrv9dAHBdXtRmNOST0yTDm4y\nDgXnK+/phcfZulmcTmYw7f/USzTQfSrb6cGP7qHulIaE0DoIHXnN+X90bPGXWCpK\n79rl+B6+cQj8xNZu0QJEoNd136CCKjw4AZK/SOcdIKO6ICjy4Zph4JBSUyj2R+pZ\nX8Zj7MowsQjNRPn/kS8FEUuEP0g94ax5mKtRpQGEuQ4xG67BuUT+RiussMHT+LyF\n1ksfJXQ/0VUhq9OQuhsYSNmhdYmMavQcdynTRfcB9HxBLwAAA7gIgSodCIEqHQAA\nAAdzc2gtcnNhAAABAQCwOEmUXEL1B7Hm3e6kXvmxjjTRjQH4x794KZTFC/+hooRo\nRAab1DbV0tJJ17uvRlrr28S4uUu6eDBBw8Squ/10AcF1e1GY05JPTJMObjIOBecr\n7+mFx9m6WZxOZjDt/9RLNNB9KtvpwY/uoe6UhoTQOggdec35f3Rs8ZdYKkrv2uX4\nHr5xCPzE1m7RAkSg13XfoIIqPDgBkr9I5x0go7ogKPLhmmHgkFJTKPZH6llfxmPs\nyjCxCM1E+f+RLwURS4Q/SD3hrHmYq1GlAYS5DjEbrsG5RP5GK6ywwdP4vIXWSx8l\ndD/RVSGr05C6GxhI2aF1iYxq9Bx3KdNF9wH0fEEvAAAAAwEAAQAAAQEAjsEaglB3\ngY55RQB2ybuS5Y7BJRzpAwO2DX8J4NMGhIdmYhzxiZ1RyshdyKo2hhglobpIVCjv\nuyCQX0ZbdMCT4z1k3mpHQNnsRcdPvjnw3MFVc5eIAvNSY48ie7R3YOaFsWMYnr1w\np55BnlyaLMIIp7LLTi2VedARngvcwfSI/mJqp5LMUIlS4sMubnr/kg9SiCgnNXbi\nQKs56kUCO7ivXt1JcZhUyWrHwUrX9GtpRwWHWyUSwQK0d1iF8GBMM9kXxH0lqVF6\nyMXCqvFuSVSeB7c0lxb7UIs8rbHP766B6WJY+suVg1Pvdagr3S/YHdx+EuaoUeHt\nMwUauisbHSKREQAAAIEArR7/nEaDB5CEIho17Vjq7fXaQ95CvKX7semKbNsH9KEz\nE+3yfpffV/ClDlMjHp/onQhdrKueMFJTo2qpG/oylOS+TXHqLf6224Xp544JS4ih\nJyMR/5oggFbkrJwrcdnIJDfK/Ogm7Nyk0y9dxmhKQutErNgv3Zdpes8k3UxL4lwA\nAACBAMnydkVlQ5pvjfXKPbsTouE4EdMXN35k1464ABO7aunm1qco/53xabCNDYyQ\nVQCIX24dERjh5kjK+Yx0JQ72aNdj/RMJeFrMdZ1T0+ovfCzKC6v7SLVn6RCpj5vn\nGqnLbicsG02e9/mqgIDI7VOIn82u/9WywIHxMhLoj0cDo1t3AAAAgQDfYvqprtcR\nn6Q1ak3oj+zrX88RrybE41TQHGkMI+8Et6b+924n8lXgTJjONs7FylXzldRAH+x4\nojsiwIFdDpGhYya970VbrsdvT+tNIeZYczELmGzEqJb1RHwvHzG0MdecGL64e9VK\nVFmRwEHRDFT8C9W8IwKwlDhKAUTaHQDGCQAAAAAB\n-----END OPENSSH PRIVATE KEY-----\n",
            "private_key_pem": "-----BEGIN RSA PRIVATE KEY-----\nMIIEpAIBAAKCAQEAsDhJlFxC9Qex5t3upF75sY400Y0B+Me/eCmUxQv/oaKEaEQG\nm9Q21dLSSde7r0Za69vEuLlLungwQcPEqrv9dAHBdXtRmNOST0yTDm4yDgXnK+/p\nhcfZulmcTmYw7f/USzTQfSrb6cGP7qHulIaE0DoIHXnN+X90bPGXWCpK79rl+B6+\ncQj8xNZu0QJEoNd136CCKjw4AZK/SOcdIKO6ICjy4Zph4JBSUyj2R+pZX8Zj7Mow\nsQjNRPn/kS8FEUuEP0g94ax5mKtRpQGEuQ4xG67BuUT+RiussMHT+LyF1ksfJXQ/\n0VUhq9OQuhsYSNmhdYmMavQcdynTRfcB9HxBLwIDAQABAoIBAQCOwRqCUHeBjnlF\nAHbJu5LljsElHOkDA7YNfwng0waEh2ZiHPGJnVHKyF3IqjaGGCWhukhUKO+7IJBf\nRlt0wJPjPWTeakdA2exFx0++OfDcwVVzl4gC81JjjyJ7tHdg5oWxYxievXCnnkGe\nXJoswginsstOLZV50BGeC9zB9Ij+YmqnksxQiVLiwy5uev+SD1KIKCc1duJAqznq\nRQI7uK9e3UlxmFTJasfBStf0a2lHBYdbJRLBArR3WIXwYEwz2RfEfSWpUXrIxcKq\n8W5JVJ4HtzSXFvtQizytsc/vroHpYlj6y5WDU+91qCvdL9gd3H4S5qhR4e0zBRq6\nKxsdIpERAoGBAMnydkVlQ5pvjfXKPbsTouE4EdMXN35k1464ABO7aunm1qco/53x\nabCNDYyQVQCIX24dERjh5kjK+Yx0JQ72aNdj/RMJeFrMdZ1T0+ovfCzKC6v7SLVn\n6RCpj5vnGqnLbicsG02e9/mqgIDI7VOIn82u/9WywIHxMhLoj0cDo1t3AoGBAN9i\n+qmu1xGfpDVqTeiP7OtfzxGvJsTjVNAcaQwj7wS3pv73bifyVeBMmM42zsXKVfOV\n1EAf7HiiOyLAgV0OkaFjJr3vRVuux29P600h5lhzMQuYbMSolvVEfC8fMbQx15wY\nvrh71UpUWZHAQdEMVPwL1bwjArCUOEoBRNodAMYJAoGAWeW7TI0VmQwLz9yluj+1\nhDinhqaRJ4zQgFHchuwpXdJKv8L6d17eQ5+m5mnhzQjoImaCE+eL0d+5UxLo5E5A\nwZFbOTw//XuC5/RHI7rbtjyDEZ4c8dQ95hL1QNuR/P/4GywBQ35+uP9zkODg9Qye\nxrseXAzksXOjbNNl5KDz+WUCgYBCHMUa2wgDyz+KH4AXSCFSN/TMww2yT6WWQhJE\n6Y2f08q0wv3zDKGl1IWU4lun5g4yHTHIGKqfuUPPMTIYHGu1W+bnZ50bWUrlAr4d\nAd9uZgkp6V6nhU3IIRCv0YegUPAC3r/zUZL6gKRRopjYCdJNFiOXnrT5FaTjIiUC\neHr2IQKBgQCtHv+cRoMHkIQiGjXtWOrt9dpD3kK8pfux6Yps2wf0oTMT7fJ+l99X\n8KUOUyMen+idCF2sq54wUlOjaqkb+jKU5L5Nceot/rbbhennjglLiKEnIxH/miCA\nVuSsnCtx2cgkN8r86Cbs3KTTL13GaEpC60Ss2C/dl2l6zyTdTEviXA==\n-----END RSA PRIVATE KEY-----\n",
            "private_key_pem_pkcs8": "-----BEGIN PRIVATE KEY-----\nMIIEvgIBADANBgkqhkiG9w0BAQEFAASCBKgwggSkAgEAAoIBAQCwOEmUXEL1B7Hm\n3e6kXvmxjjTRjQH4x794KZTFC/+hooRoRAab1DbV0tJJ17uvRlrr28S4uUu6eDBB\nw8Squ/10AcF1e1GY05JPTJMObjIOBecr7+mFx9m6WZxOZjDt/9RLNNB9KtvpwY/u\noe6UhoTQOggdec35f3Rs8ZdYKkrv2uX4Hr5xCPzE1m7RAkSg13XfoIIqPDgBkr9I\n5x0go7ogKPLhmmHgkFJTKPZH6llfxmPsyjCxCM1E+f+RLwURS4Q/SD3hrHmYq1Gl\nAYS5DjEbrsG5RP5GK6ywwdP4vIXWSx8ldD/RVSGr05C6GxhI2aF1iYxq9Bx3KdNF\n9wH0fEEvAgMBAAECggEBAI7BGoJQd4GOeUUAdsm7kuWOwSUc6QMDtg1/CeDTBoSH\nZmIc8YmdUcrIXciqNoYYJaG6SFQo77sgkF9GW3TAk+M9ZN5qR0DZ7EXHT7458NzB\nVXOXiALzUmOPInu0d2DmhbFjGJ69cKeeQZ5cmizCCKeyy04tlXnQEZ4L3MH0iP5i\naqeSzFCJUuLDLm56/5IPUogoJzV24kCrOepFAju4r17dSXGYVMlqx8FK1/RraUcF\nh1slEsECtHdYhfBgTDPZF8R9JalResjFwqrxbklUnge3NJcW+1CLPK2xz++ugeli\nWPrLlYNT73WoK90v2B3cfhLmqFHh7TMFGrorGx0ikRECgYEAyfJ2RWVDmm+N9co9\nuxOi4TgR0xc3fmTXjrgAE7tq6ebWpyj/nfFpsI0NjJBVAIhfbh0RGOHmSMr5jHQl\nDvZo12P9Ewl4Wsx1nVPT6i98LMoLq/tItWfpEKmPm+caqctuJywbTZ73+aqAgMjt\nU4ifza7/1bLAgfEyEuiPRwOjW3cCgYEA32L6qa7XEZ+kNWpN6I/s61/PEa8mxONU\n0BxpDCPvBLem/vduJ/JV4EyYzjbOxcpV85XUQB/seKI7IsCBXQ6RoWMmve9FW67H\nb0/rTSHmWHMxC5hsxKiW9UR8Lx8xtDHXnBi+uHvVSlRZkcBB0QxU/AvVvCMCsJQ4\nSgFE2h0AxgkCgYBZ5btMjRWZDAvP3KW6P7WEOKeGppEnjNCAUdyG7Cld0kq/wvp3\nXt5Dn6bmaeHNCOgiZoIT54vR37lTEujkTkDBkVs5PD/9e4Ln9Ecjutu2PIMRnhzx\n1D3mEvVA25H8//gbLAFDfn64/3OQ4OD1DJ7Gux5cDOSxc6Ns02XkoPP5ZQKBgEIc\nxRrbCAPLP4ofgBdIIVI39MzDDbJPpZZCEkTpjZ/TyrTC/fMMoaXUhZTiW6fmDjId\nMcgYqp+5Q88xMhgca7Vb5udnnRtZSuUCvh0B325mCSnpXqeFTcghEK/Rh6BQ8ALe\nv/NRkvqApFGimNgJ0k0WI5eetPkVpOMiJQJ4evYhAoGBAK0e/5xGgweQhCIaNe1Y\n6u312kPeQryl+7HpimzbB/ShMxPt8n6X31fwpQ5TIx6f6J0IXayrnjBSU6NqqRv6\nMpTkvk1x6i3+ttuF6eeOCUuIoScjEf+aIIBW5KycK3HZyCQ3yvzoJuzcpNMvXcZo\nSkLrRKzYL92XaXrPJN1MS+Jc\n-----END PRIVATE KEY-----\n",
            "public_key_fingerprint_md5": "48:02:2a:08:da:22:86:a4:12:e4:5b:79:c6:68:36:cf",
            "public_key_fingerprint_sha256": "SHA256:OW2O/7J2RCk95YqxnOjHzflUsjJC2AzjJ4UWmeDz+qs",
            "public_key_openssh": "ssh-rsa AAAAB3NzaC1yc2EAAAADAQABAAABAQCwOEmUXEL1B7Hm3e6kXvmxjjTRjQH4x794KZTFC/+hooRoRAab1DbV0tJJ17uvRlrr28S4uUu6eDBBw8Squ/10AcF1e1GY05JPTJMObjIOBecr7+mFx9m6WZxOZjDt/9RLNNB9KtvpwY/uoe6UhoTQOggdec35f3Rs8ZdYKkrv2uX4Hr5xCPzE1m7RAkSg13XfoIIqPDgBkr9I5x0go7ogKPLhmmHgkFJTKPZH6llfxmPsyjCxCM1E+f+RLwURS4Q/SD3hrHmYq1GlAYS5DjEbrsG5RP5GK6ywwdP4vIXWSx8ldD/RVSGr05C6GxhI2aF1iYxq9Bx3KdNF9wH0fEEv\n",
            "public_key_pem": "-----BEGIN PUBLIC KEY-----\nMIIBIjANBgkqhkiG9w0BAQEFAAOCAQ8AMIIBCgKCAQEAsDhJlFxC9Qex5t3upF75\nsY400Y0B+Me/eCmUxQv/oaKEaEQGm9Q21dLSSde7r0Za69vEuLlLungwQcPEqrv9\ndAHBdXtRmNOST0yTDm4yDgXnK+/phcfZulmcTmYw7f/USzTQfSrb6cGP7qHulIaE\n0DoIHXnN+X90bPGXWCpK79rl+B6+cQj8xNZu0QJEoNd136CCKjw4AZK/SOcdIKO6\nICjy4Zph4JBSUyj2R+pZX8Zj7MowsQjNRPn/kS8FEUuEP0g94ax5mKtRpQGEuQ4x\nG67BuUT+RiussMHT+LyF1ksfJXQ/0VUhq9OQuhsYSNmhdYmMavQcdynTRfcB9HxB\nLwIDAQAB\n-----END PUBLIC KEY-----\n",
            "rsa_bits": 2048
          },
          "sensitive_attributes": [
            [
              {
                "type": "get_attr",
                "value": "private_key_pem"
              }
            ],
            [
              {
                "type": "get_attr",
                "value": "private_key_openssh"
              }
            ],
            [
              {
                "type": "get_attr",
                "value": "private_key_pem_pkcs8"
              }
            ]
          ]
        }
      ]
    }
  ],
  "check_results": null
}
